PODS:
  - RxBlocking (6.2.0):
    - RxSwift (= 6.2.0)
  - RxCocoa (6.2.0):
    - RxRelay (= 6.2.0)
    - RxSwift (= 6.2.0)
  - RxRelay (6.2.0):
    - RxSwift (= 6.2.0)
  - RxSwift (6.2.0)
  - RxSwiftExt (6.0.1):
    - RxSwiftExt/Core (= 6.0.1)
    - RxSwiftExt/RxCocoa (= 6.0.1)
  - RxSwiftExt/Core (6.0.1):
    - RxSwift (~> 6.0)
  - RxSwiftExt/RxCocoa (6.0.1):
    - RxCocoa (~> 6.0)
    - RxSwiftExt/Core
  - RxTest (6.2.0):
    - RxSwift (= 6.2.0)

DEPENDENCIES:
  - RxBlocking
  - RxCocoa
  - RxSwift
  - RxSwiftExt
  - RxTest

SPEC REPOS:
  trunk:
    - RxBlocking
    - RxCocoa
    - RxRelay
    - RxSwift
    - RxSwiftExt
    - RxTest

SPEC CHECKSUMS:
  RxBlocking: 0b29f7d2079109a8de49c411381bed7c33ef1eeb
  RxCocoa: 4baf94bb35f2c0ab31bc0cb9f1900155f646ba42
  RxRelay: e72dbfd157807478401ef1982e1c61c945c94b2f
  RxSwift: d356ab7bee873611322f134c5f9ef379fa183d8f
  RxSwiftExt: d61c4b9b06e0a448041b1c659e0f1b5c5a035afc
  RxTest: 0c692fa672b694373ba86d2b00033595297a2831

PODFILE CHECKSUM: 6b4898b5ed3ecca2d4556569f2a3fa9c6d35685b

COCOAPODS: 1.11.2
