PODS:
  - RxBlocking (6.0.0):
    - RxSwift (= 6.0.0)
  - RxCocoa (6.0.0):
    - RxRelay (= 6.0.0)
    - RxSwift (= 6.0.0)
  - RxRelay (6.0.0):
    - RxSwift (= 6.0.0)
  - RxSwift (6.0.0)
  - RxSwiftExt (6.0.0):
    - RxSwiftExt/Core (= 6.0.0)
    - RxSwiftExt/RxCocoa (= 6.0.0)
  - RxSwiftExt/Core (6.0.0):
    - RxSwift (= 6.0.0)
  - RxSwiftExt/RxCocoa (6.0.0):
    - RxCocoa (= 6.0.0)
    - RxSwiftExt/Core
  - RxTest (6.0.0):
    - RxSwift (= 6.0.0)

DEPENDENCIES:
  - RxBlocking
  - RxCocoa
  - RxSwift
  - RxSwiftExt
  - RxTest

SPEC REPOS:
  https://github.com/cocoapods/specs.git:
    - RxBlocking
    - RxCocoa
    - RxRelay
    - RxSwift
    - RxSwiftExt
    - RxTest

SPEC CHECKSUMS:
  RxBlocking: c025b8c6fe08c5b18c039b5b11d41ec413f8a59e
  RxCocoa: 3f79328fafa3645b34600f37c31e64c73ae3a80e
  RxRelay: 8d593be109c06ea850df027351beba614b012ffb
  RxSwift: c14e798c59b9f6e9a2df8fd235602e85cc044295
  RxSwiftExt: 6637802b67dd4b60c00c661cc640316b693c0387
  RxTest: ddef4052e63cb116f5b73510488c3113c37c62e5

PODFILE CHECKSUM: fd05319722f2a3fc1e48d7a5fb17869f420635bc

COCOAPODS: 1.6.0
