// !$*UTF8*$!
{
	archiveVersion = 1;
	classes = {
	};
	objectVersion = 51;
	objects = {

/* Begin PBXBuildFile section */
		0F2BA4362782886A09BA7FBD /* Pods_WikipediaAPI.framework in Frameworks */ = {isa = PBXBuildFile; fileRef = 7806273B87B2FE46EB06AE72 /* Pods_WikipediaAPI.framework */; };
		97029B4723EDD3890088640A /* FirstViewModel.swift in Sources */ = {isa = PBXBuildFile; fileRef = 97029B4623EDD3890088640A /* FirstViewModel.swift */; };
		97029B4A23EDD82D0088640A /* RxSwift.framework in Frameworks */ = {isa = PBXBuildFile; fileRef = 97029B4923EDD82D0088640A /* RxSwift.framework */; };
		97029B4E23EDD8530088640A /* RxCocoa.framework in Frameworks */ = {isa = PBXBuildFile; fileRef = 97029B4D23EDD8530088640A /* RxCocoa.framework */; };
		97029B5123EDDA920088640A /* ViewModelType.swift in Sources */ = {isa = PBXBuildFile; fileRef = 97029B5023EDDA920088640A /* ViewModelType.swift */; };
		97029B5323EDDB600088640A /* Dependencies.swift in Sources */ = {isa = PBXBuildFile; fileRef = 97029B5223EDDB600088640A /* Dependencies.swift */; };
		97029B6523EDEF120088640A /* materialized+elements.swift in Sources */ = {isa = PBXBuildFile; fileRef = 97029B6423EDEF120088640A /* materialized+elements.swift */; };
		97029B6723EDF0600088640A /* LoadingIndicator.swift in Sources */ = {isa = PBXBuildFile; fileRef = 97029B6623EDF0600088640A /* LoadingIndicator.swift */; };
		97029B6923EDF4790088640A /* APIKit.framework in Frameworks */ = {isa = PBXBuildFile; fileRef = 97029B6823EDF4790088640A /* APIKit.framework */; };
		97029B6C23EDF51B0088640A /* RxRelay.framework in Frameworks */ = {isa = PBXBuildFile; fileRef = 97029B6B23EDF51B0088640A /* RxRelay.framework */; };
		97029B6F23EDF57D0088640A /* SVProgressHUD.framework in Frameworks */ = {isa = PBXBuildFile; fileRef = 97029B6E23EDF57D0088640A /* SVProgressHUD.framework */; };
		97029B7223EDFA4F0088640A /* RootViewController.swift in Sources */ = {isa = PBXBuildFile; fileRef = 97029B7123EDFA4F0088640A /* RootViewController.swift */; };
		97029B7423EE915B0088640A /* SecondViewModel.swift in Sources */ = {isa = PBXBuildFile; fileRef = 97029B7323EE915B0088640A /* SecondViewModel.swift */; };
		973ABF9423E4774000591A66 /* AppDelegate.swift in Sources */ = {isa = PBXBuildFile; fileRef = 973ABF9323E4774000591A66 /* AppDelegate.swift */; };
		973ABF9623E4774000591A66 /* SceneDelegate.swift in Sources */ = {isa = PBXBuildFile; fileRef = 973ABF9523E4774000591A66 /* SceneDelegate.swift */; };
		973ABF9823E4774000591A66 /* FirstViewController.swift in Sources */ = {isa = PBXBuildFile; fileRef = 973ABF9723E4774000591A66 /* FirstViewController.swift */; };
		973ABF9A23E4774000591A66 /* SecondViewController.swift in Sources */ = {isa = PBXBuildFile; fileRef = 973ABF9923E4774000591A66 /* SecondViewController.swift */; };
		973ABF9D23E4774000591A66 /* Main.storyboard in Resources */ = {isa = PBXBuildFile; fileRef = 973ABF9B23E4774000591A66 /* Main.storyboard */; };
		973ABF9F23E4774100591A66 /* Assets.xcassets in Resources */ = {isa = PBXBuildFile; fileRef = 973ABF9E23E4774100591A66 /* Assets.xcassets */; };
		973ABFA223E4774100591A66 /* LaunchScreen.storyboard in Resources */ = {isa = PBXBuildFile; fileRef = 973ABFA023E4774100591A66 /* LaunchScreen.storyboard */; };
		973ABFAD23E4774100591A66 /* RxSwiftIncrementalSearchTests.swift in Sources */ = {isa = PBXBuildFile; fileRef = 973ABFAC23E4774100591A66 /* RxSwiftIncrementalSearchTests.swift */; };
		973ABFB823E4774200591A66 /* RxSwiftIncrementalSearchUITests.swift in Sources */ = {isa = PBXBuildFile; fileRef = 973ABFB723E4774200591A66 /* RxSwiftIncrementalSearchUITests.swift */; };
		9743A6C923F8799200A335EC /* Pods_RxSwiftIncrementalSearch.framework in Frameworks */ = {isa = PBXBuildFile; fileRef = 9743A6C823F8799200A335EC /* Pods_RxSwiftIncrementalSearch.framework */; };
		9743A6CA23F8799200A335EC /* Pods_RxSwiftIncrementalSearch.framework in Embed Frameworks */ = {isa = PBXBuildFile; fileRef = 9743A6C823F8799200A335EC /* Pods_RxSwiftIncrementalSearch.framework */; settings = {ATTRIBUTES = (CodeSignOnCopy, RemoveHeadersOnCopy, ); }; };
		9A7073C7B24D90CC9473E4C5 /* Pods_RxSwiftIncrementalSearchTests.framework in Frameworks */ = {isa = PBXBuildFile; fileRef = ACCF9FAF3A173E9C7A03D736 /* Pods_RxSwiftIncrementalSearchTests.framework */; };
		BF51282E8A79B51F9D951F64 /* Pods_RxSwiftIncrementalSearchUITests.framework in Frameworks */ = {isa = PBXBuildFile; fileRef = C4B709F6355B192EE7127EEB /* Pods_RxSwiftIncrementalSearchUITests.framework */; };
		CD244D86248967DC00A1D67C /* search3.json in Resources */ = {isa = PBXBuildFile; fileRef = CD244D85248967DC00A1D67C /* search3.json */; };
		CD244D8A248A931900A1D67C /* FourthViewController.swift in Sources */ = {isa = PBXBuildFile; fileRef = CD244D89248A931900A1D67C /* FourthViewController.swift */; };
		CD244D8C248A934500A1D67C /* FourthViewModel.swift in Sources */ = {isa = PBXBuildFile; fileRef = CD244D8B248A934500A1D67C /* FourthViewModel.swift */; };
		CD244D8E248A991A00A1D67C /* FourthTableViewCell.swift in Sources */ = {isa = PBXBuildFile; fileRef = CD244D8D248A991A00A1D67C /* FourthTableViewCell.swift */; };
		CD244D90248A9ABE00A1D67C /* FourthView.storyboard in Resources */ = {isa = PBXBuildFile; fileRef = CD244D8F248A9ABE00A1D67C /* FourthView.storyboard */; };
		CD2B762B24745288005B31A1 /* Assets.swift in Sources */ = {isa = PBXBuildFile; fileRef = CD2B762A24745288005B31A1 /* Assets.swift */; };
		CD2B762D24746A24005B31A1 /* DependencyInjectable.swift in Sources */ = {isa = PBXBuildFile; fileRef = CD2B762C24746A24005B31A1 /* DependencyInjectable.swift */; };
		CD2B762F24746AD6005B31A1 /* ThirdView.storyboard in Resources */ = {isa = PBXBuildFile; fileRef = CD2B762E24746AD6005B31A1 /* ThirdView.storyboard */; };
		CD2B763124746B29005B31A1 /* ThirdViewController.swift in Sources */ = {isa = PBXBuildFile; fileRef = CD2B763024746B29005B31A1 /* ThirdViewController.swift */; };
		CD2B7634247470CF005B31A1 /* Segues.swift in Sources */ = {isa = PBXBuildFile; fileRef = CD2B7632247470CE005B31A1 /* Segues.swift */; };
		CD2B7635247470CF005B31A1 /* Scenes.swift in Sources */ = {isa = PBXBuildFile; fileRef = CD2B7633247470CE005B31A1 /* Scenes.swift */; };
		CD2B76372475863A005B31A1 /* ThirdViewModel.swift in Sources */ = {isa = PBXBuildFile; fileRef = CD2B76362475863A005B31A1 /* ThirdViewModel.swift */; };
		CD3064A424758DF700EBBD1B /* WikipediaPageRequest.swift in Sources */ = {isa = PBXBuildFile; fileRef = CD3064A324758DF700EBBD1B /* WikipediaPageRequest.swift */; };
		CD3064A624758E1900EBBD1B /* WikipediaPageResponse.swift in Sources */ = {isa = PBXBuildFile; fileRef = CD3064A524758E1900EBBD1B /* WikipediaPageResponse.swift */; };
		CD3064B0247A8F2200EBBD1B /* Date+Extension.swift in Sources */ = {isa = PBXBuildFile; fileRef = CD3064AF247A8F2200EBBD1B /* Date+Extension.swift */; };
		CD3064B2247B078F00EBBD1B /* FirstViewModelTests.swift in Sources */ = {isa = PBXBuildFile; fileRef = CD3064B1247B078F00EBBD1B /* FirstViewModelTests.swift */; };
		CD40561324D205DE000FFE1A /* carthage-input.xcfilelist in Resources */ = {isa = PBXBuildFile; fileRef = CD40561124D205DD000FFE1A /* carthage-input.xcfilelist */; };
		CD40561424D205DE000FFE1A /* carthage-output.xcfilelist in Resources */ = {isa = PBXBuildFile; fileRef = CD40561224D205DE000FFE1A /* carthage-output.xcfilelist */; };
		CD5AB4492482ECA800A124E5 /* TestSessionTask.swift in Sources */ = {isa = PBXBuildFile; fileRef = CD5AB4482482ECA800A124E5 /* TestSessionTask.swift */; };
		CD6824E22481A51E003E59B8 /* RxBlocking.framework in Frameworks */ = {isa = PBXBuildFile; fileRef = CD6824DF2481A2E1003E59B8 /* RxBlocking.framework */; };
		CD6824E92481A7B0003E59B8 /* RxTest.framework in Frameworks */ = {isa = PBXBuildFile; fileRef = CD6824E82481A7B0003E59B8 /* RxTest.framework */; };
		CD7B4F3A248438900056F631 /* search1.json in Resources */ = {isa = PBXBuildFile; fileRef = CD7B4F39248438900056F631 /* search1.json */; };
		CD7B4F3C248438AA0056F631 /* page.json in Resources */ = {isa = PBXBuildFile; fileRef = CD7B4F3B248438AA0056F631 /* page.json */; };
		CD7B4F3F24881A570056F631 /* search2.json in Resources */ = {isa = PBXBuildFile; fileRef = CD7B4F3E24881A570056F631 /* search2.json */; };
		CD81A451247B4A0C005E75DB /* RxSwiftExt.framework in Frameworks */ = {isa = PBXBuildFile; fileRef = CD81A450247B4A0C005E75DB /* RxSwiftExt.framework */; };
		CD81A454247EDE61005E75DB /* TestSessionAdapter.swift in Sources */ = {isa = PBXBuildFile; fileRef = CD81A453247EDE61005E75DB /* TestSessionAdapter.swift */; };
		CD81A457247EDFC7005E75DB /* WikipediSearchRequestTests.swift in Sources */ = {isa = PBXBuildFile; fileRef = CD81A456247EDFC7005E75DB /* WikipediSearchRequestTests.swift */; };
		CD81A458247EE4A6005E75DB /* APIKit.framework in Frameworks */ = {isa = PBXBuildFile; fileRef = 97029B6823EDF4790088640A /* APIKit.framework */; };
		CD81A45B247F4E10005E75DB /* search.json in Resources */ = {isa = PBXBuildFile; fileRef = CD81A45A247F4E10005E75DB /* search.json */; };
		CD81A45D24801C7E005E75DB /* WikipediaPageRequestTests.swift in Sources */ = {isa = PBXBuildFile; fileRef = CD81A45C24801C7E005E75DB /* WikipediaPageRequestTests.swift */; };
		CD81A45F24801DDE005E75DB /* page.json in Resources */ = {isa = PBXBuildFile; fileRef = CD81A45E24801DDE005E75DB /* page.json */; };
		CD81A46124817730005E75DB /* DependenciesTest.swift in Sources */ = {isa = PBXBuildFile; fileRef = CD81A46024817730005E75DB /* DependenciesTest.swift */; };
		CD81A466248186ED005E75DB /* Helpers.swift in Sources */ = {isa = PBXBuildFile; fileRef = CD81A465248186ED005E75DB /* Helpers.swift */; };
		CD9638CE247328F4009BA317 /* WikipediaAPI.framework in Frameworks */ = {isa = PBXBuildFile; fileRef = CD9638C5247328F3009BA317 /* WikipediaAPI.framework */; };
		CD9638D5247328F4009BA317 /* WikipediaAPITests.swift in Sources */ = {isa = PBXBuildFile; fileRef = CD9638D4247328F4009BA317 /* WikipediaAPITests.swift */; };
		CD9638D7247328F4009BA317 /* WikipediaAPI.h in Headers */ = {isa = PBXBuildFile; fileRef = CD9638C7247328F3009BA317 /* WikipediaAPI.h */; settings = {ATTRIBUTES = (Public, ); }; };
		CD9638DA247328F4009BA317 /* WikipediaAPI.framework in Frameworks */ = {isa = PBXBuildFile; fileRef = CD9638C5247328F3009BA317 /* WikipediaAPI.framework */; };
		CD9638DB247328F4009BA317 /* WikipediaAPI.framework in Embed Frameworks */ = {isa = PBXBuildFile; fileRef = CD9638C5247328F3009BA317 /* WikipediaAPI.framework */; settings = {ATTRIBUTES = (CodeSignOnCopy, RemoveHeadersOnCopy, ); }; };
		CD9638E224732906009BA317 /* WikipediaRequestType.swift in Sources */ = {isa = PBXBuildFile; fileRef = 97029B5623EDE7E20088640A /* WikipediaRequestType.swift */; };
		CD9638E324732906009BA317 /* WikipediaSearchRequest.swift in Sources */ = {isa = PBXBuildFile; fileRef = 97029B5A23EDE8A20088640A /* WikipediaSearchRequest.swift */; };
		CD9638E424732906009BA317 /* Session+Observable.swift in Sources */ = {isa = PBXBuildFile; fileRef = 97029B5423EDE7AC0088640A /* Session+Observable.swift */; };
		CD9638E524732906009BA317 /* WikipediaSearchResponse.swift in Sources */ = {isa = PBXBuildFile; fileRef = 97029B5C23EDE8E90088640A /* WikipediaSearchResponse.swift */; };
		CD9638E624732906009BA317 /* WikipediaParser.swift in Sources */ = {isa = PBXBuildFile; fileRef = 97029B5E23EDE93A0088640A /* WikipediaParser.swift */; };
		CD9638E724732A30009BA317 /* APIKit.framework in Frameworks */ = {isa = PBXBuildFile; fileRef = 97029B6823EDF4790088640A /* APIKit.framework */; };
		CD9638F9247334A8009BA317 /* Library.framework in Frameworks */ = {isa = PBXBuildFile; fileRef = CD9638F0247334A8009BA317 /* Library.framework */; };
		CD963900247334A8009BA317 /* LibraryTests.swift in Sources */ = {isa = PBXBuildFile; fileRef = CD9638FF247334A8009BA317 /* LibraryTests.swift */; };
		CD963902247334A8009BA317 /* Library.h in Headers */ = {isa = PBXBuildFile; fileRef = CD9638F2247334A8009BA317 /* Library.h */; settings = {ATTRIBUTES = (Public, ); }; };
		CD963905247334A8009BA317 /* Library.framework in Frameworks */ = {isa = PBXBuildFile; fileRef = CD9638F0247334A8009BA317 /* Library.framework */; };
		CD963906247334A8009BA317 /* Library.framework in Embed Frameworks */ = {isa = PBXBuildFile; fileRef = CD9638F0247334A8009BA317 /* Library.framework */; settings = {ATTRIBUTES = (CodeSignOnCopy, RemoveHeadersOnCopy, ); }; };
		CD96391324742B1D009BA317 /* FirstTableViewCell.swift in Sources */ = {isa = PBXBuildFile; fileRef = CD96391224742B1D009BA317 /* FirstTableViewCell.swift */; };
		CDD2FE3F248B70CC00387E5A /* FifthViewController.swift in Sources */ = {isa = PBXBuildFile; fileRef = CDD2FE3E248B70CC00387E5A /* FifthViewController.swift */; };
		CDD2FE41248B716E00387E5A /* FifthView.storyboard in Resources */ = {isa = PBXBuildFile; fileRef = CDD2FE40248B716E00387E5A /* FifthView.storyboard */; };
		CDF82D55248FD47100543CD9 /* Log.swift in Sources */ = {isa = PBXBuildFile; fileRef = CD96390F247425B1009BA317 /* Log.swift */; };
		CDF82D592494065800543CD9 /* TestSessionAdapter.swift in Sources */ = {isa = PBXBuildFile; fileRef = CDF82D582494065800543CD9 /* TestSessionAdapter.swift */; };
/* End PBXBuildFile section */

/* Begin PBXContainerItemProxy section */
		973ABFA923E4774100591A66 /* PBXContainerItemProxy */ = {
			isa = PBXContainerItemProxy;
			containerPortal = 973ABF8823E4774000591A66 /* Project object */;
			proxyType = 1;
			remoteGlobalIDString = 973ABF8F23E4774000591A66;
			remoteInfo = RxMvvMSample;
		};
		973ABFB423E4774200591A66 /* PBXContainerItemProxy */ = {
			isa = PBXContainerItemProxy;
			containerPortal = 973ABF8823E4774000591A66 /* Project object */;
			proxyType = 1;
			remoteGlobalIDString = 973ABF8F23E4774000591A66;
			remoteInfo = RxMvvMSample;
		};
		CD0F543324CA19FD0051F098 /* PBXContainerItemProxy */ = {
			isa = PBXContainerItemProxy;
			containerPortal = 973ABF8823E4774000591A66 /* Project object */;
			proxyType = 1;
			remoteGlobalIDString = CD9638EF247334A8009BA317;
			remoteInfo = Library;
		};
		CD9638CF247328F4009BA317 /* PBXContainerItemProxy */ = {
			isa = PBXContainerItemProxy;
			containerPortal = 973ABF8823E4774000591A66 /* Project object */;
			proxyType = 1;
			remoteGlobalIDString = CD9638C4247328F3009BA317;
			remoteInfo = WikipediaAPI;
		};
		CD9638D1247328F4009BA317 /* PBXContainerItemProxy */ = {
			isa = PBXContainerItemProxy;
			containerPortal = 973ABF8823E4774000591A66 /* Project object */;
			proxyType = 1;
			remoteGlobalIDString = 973ABF8F23E4774000591A66;
			remoteInfo = RxSwiftIncrementalSearch;
		};
		CD9638D8247328F4009BA317 /* PBXContainerItemProxy */ = {
			isa = PBXContainerItemProxy;
			containerPortal = 973ABF8823E4774000591A66 /* Project object */;
			proxyType = 1;
			remoteGlobalIDString = CD9638C4247328F3009BA317;
			remoteInfo = WikipediaAPI;
		};
		CD9638FA247334A8009BA317 /* PBXContainerItemProxy */ = {
			isa = PBXContainerItemProxy;
			containerPortal = 973ABF8823E4774000591A66 /* Project object */;
			proxyType = 1;
			remoteGlobalIDString = CD9638EF247334A8009BA317;
			remoteInfo = Library;
		};
		CD9638FC247334A8009BA317 /* PBXContainerItemProxy */ = {
			isa = PBXContainerItemProxy;
			containerPortal = 973ABF8823E4774000591A66 /* Project object */;
			proxyType = 1;
			remoteGlobalIDString = 973ABF8F23E4774000591A66;
			remoteInfo = RxSwiftIncrementalSearch;
		};
		CD963903247334A8009BA317 /* PBXContainerItemProxy */ = {
			isa = PBXContainerItemProxy;
			containerPortal = 973ABF8823E4774000591A66 /* Project object */;
			proxyType = 1;
			remoteGlobalIDString = CD9638EF247334A8009BA317;
			remoteInfo = Library;
		};
/* End PBXContainerItemProxy section */

/* Begin PBXCopyFilesBuildPhase section */
		97029B4C23EDD82D0088640A /* Embed Frameworks */ = {
			isa = PBXCopyFilesBuildPhase;
			buildActionMask = 2147483647;
			dstPath = "";
			dstSubfolderSpec = 10;
			files = (
				CD9638DB247328F4009BA317 /* WikipediaAPI.framework in Embed Frameworks */,
				CD963906247334A8009BA317 /* Library.framework in Embed Frameworks */,
				9743A6CA23F8799200A335EC /* Pods_RxSwiftIncrementalSearch.framework in Embed Frameworks */,
			);
			name = "Embed Frameworks";
			runOnlyForDeploymentPostprocessing = 0;
		};
/* End PBXCopyFilesBuildPhase section */

/* Begin PBXFileReference section */
		08CE7323E46E4B1BADD1CB35 /* Pods-API.release.xcconfig */ = {isa = PBXFileReference; includeInIndex = 1; lastKnownFileType = text.xcconfig; name = "Pods-API.release.xcconfig"; path = "Target Support Files/Pods-API/Pods-API.release.xcconfig"; sourceTree = "<group>"; };
		0AD7A337C0BE9A219378BE2B /* Pods-WikipediaAPI.debug.xcconfig */ = {isa = PBXFileReference; includeInIndex = 1; lastKnownFileType = text.xcconfig; name = "Pods-WikipediaAPI.debug.xcconfig"; path = "Target Support Files/Pods-WikipediaAPI/Pods-WikipediaAPI.debug.xcconfig"; sourceTree = "<group>"; };
		0B67885142598FC1B76FBB74 /* Pods-RxSwiftIncrementalSearchTests.debug.xcconfig */ = {isa = PBXFileReference; includeInIndex = 1; lastKnownFileType = text.xcconfig; name = "Pods-RxSwiftIncrementalSearchTests.debug.xcconfig"; path = "Target Support Files/Pods-RxSwiftIncrementalSearchTests/Pods-RxSwiftIncrementalSearchTests.debug.xcconfig"; sourceTree = "<group>"; };
		352B8F7B004901282767FD52 /* Pods_API.framework */ = {isa = PBXFileReference; explicitFileType = wrapper.framework; includeInIndex = 0; path = Pods_API.framework; sourceTree = BUILT_PRODUCTS_DIR; };
		361633FD934DDA47F7D5EE7B /* Pods-RxSwiftIncrementalSearchUITests.release.xcconfig */ = {isa = PBXFileReference; includeInIndex = 1; lastKnownFileType = text.xcconfig; name = "Pods-RxSwiftIncrementalSearchUITests.release.xcconfig"; path = "Target Support Files/Pods-RxSwiftIncrementalSearchUITests/Pods-RxSwiftIncrementalSearchUITests.release.xcconfig"; sourceTree = "<group>"; };
		46D059CA8C56BE23FCA0C50B /* Pods-API.debug.xcconfig */ = {isa = PBXFileReference; includeInIndex = 1; lastKnownFileType = text.xcconfig; name = "Pods-API.debug.xcconfig"; path = "Target Support Files/Pods-API/Pods-API.debug.xcconfig"; sourceTree = "<group>"; };
		4D802D79E23D073F79BD23D6 /* Pods-RxSwiftIncrementalSearchTests.release.xcconfig */ = {isa = PBXFileReference; includeInIndex = 1; lastKnownFileType = text.xcconfig; name = "Pods-RxSwiftIncrementalSearchTests.release.xcconfig"; path = "Target Support Files/Pods-RxSwiftIncrementalSearchTests/Pods-RxSwiftIncrementalSearchTests.release.xcconfig"; sourceTree = "<group>"; };
		50D4FAD521FCA67EE2E7A790 /* Pods_RxSwiftIncrementalSearch.framework */ = {isa = PBXFileReference; explicitFileType = wrapper.framework; includeInIndex = 0; path = Pods_RxSwiftIncrementalSearch.framework; sourceTree = BUILT_PRODUCTS_DIR; };
		7806273B87B2FE46EB06AE72 /* Pods_WikipediaAPI.framework */ = {isa = PBXFileReference; explicitFileType = wrapper.framework; includeInIndex = 0; path = Pods_WikipediaAPI.framework; sourceTree = BUILT_PRODUCTS_DIR; };
		8BCE8B9AFE52C61377FE8F14 /* Pods-RxSwiftIncrementalSearchUITests.debug.xcconfig */ = {isa = PBXFileReference; includeInIndex = 1; lastKnownFileType = text.xcconfig; name = "Pods-RxSwiftIncrementalSearchUITests.debug.xcconfig"; path = "Target Support Files/Pods-RxSwiftIncrementalSearchUITests/Pods-RxSwiftIncrementalSearchUITests.debug.xcconfig"; sourceTree = "<group>"; };
		8E3BBDCDA83A4DC61E25264C /* Pods-RxSwiftIncrementalSearch.release.xcconfig */ = {isa = PBXFileReference; includeInIndex = 1; lastKnownFileType = text.xcconfig; name = "Pods-RxSwiftIncrementalSearch.release.xcconfig"; path = "Target Support Files/Pods-RxSwiftIncrementalSearch/Pods-RxSwiftIncrementalSearch.release.xcconfig"; sourceTree = "<group>"; };
		97029B4623EDD3890088640A /* FirstViewModel.swift */ = {isa = PBXFileReference; lastKnownFileType = sourcecode.swift; path = FirstViewModel.swift; sourceTree = "<group>"; };
		97029B4923EDD82D0088640A /* RxSwift.framework */ = {isa = PBXFileReference; lastKnownFileType = wrapper.framework; name = RxSwift.framework; path = Carthage/Build/iOS/RxSwift.framework; sourceTree = "<group>"; };
		97029B4D23EDD8530088640A /* RxCocoa.framework */ = {isa = PBXFileReference; lastKnownFileType = wrapper.framework; name = RxCocoa.framework; path = Carthage/Build/iOS/RxCocoa.framework; sourceTree = "<group>"; };
		97029B5023EDDA920088640A /* ViewModelType.swift */ = {isa = PBXFileReference; lastKnownFileType = sourcecode.swift; path = ViewModelType.swift; sourceTree = "<group>"; };
		97029B5223EDDB600088640A /* Dependencies.swift */ = {isa = PBXFileReference; lastKnownFileType = sourcecode.swift; path = Dependencies.swift; sourceTree = "<group>"; };
		97029B5423EDE7AC0088640A /* Session+Observable.swift */ = {isa = PBXFileReference; lastKnownFileType = sourcecode.swift; path = "Session+Observable.swift"; sourceTree = "<group>"; };
		97029B5623EDE7E20088640A /* WikipediaRequestType.swift */ = {isa = PBXFileReference; lastKnownFileType = sourcecode.swift; path = WikipediaRequestType.swift; sourceTree = "<group>"; };
		97029B5A23EDE8A20088640A /* WikipediaSearchRequest.swift */ = {isa = PBXFileReference; lastKnownFileType = sourcecode.swift; path = WikipediaSearchRequest.swift; sourceTree = "<group>"; };
		97029B5C23EDE8E90088640A /* WikipediaSearchResponse.swift */ = {isa = PBXFileReference; lastKnownFileType = sourcecode.swift; path = WikipediaSearchResponse.swift; sourceTree = "<group>"; };
		97029B5E23EDE93A0088640A /* WikipediaParser.swift */ = {isa = PBXFileReference; lastKnownFileType = sourcecode.swift; path = WikipediaParser.swift; sourceTree = "<group>"; };
		97029B6423EDEF120088640A /* materialized+elements.swift */ = {isa = PBXFileReference; lastKnownFileType = sourcecode.swift; path = "materialized+elements.swift"; sourceTree = "<group>"; };
		97029B6623EDF0600088640A /* LoadingIndicator.swift */ = {isa = PBXFileReference; lastKnownFileType = sourcecode.swift; path = LoadingIndicator.swift; sourceTree = "<group>"; };
		97029B6823EDF4790088640A /* APIKit.framework */ = {isa = PBXFileReference; lastKnownFileType = wrapper.framework; name = APIKit.framework; path = Carthage/Build/iOS/APIKit.framework; sourceTree = "<group>"; };
		97029B6B23EDF51B0088640A /* RxRelay.framework */ = {isa = PBXFileReference; lastKnownFileType = wrapper.framework; name = RxRelay.framework; path = Carthage/Build/iOS/RxRelay.framework; sourceTree = "<group>"; };
		97029B6E23EDF57D0088640A /* SVProgressHUD.framework */ = {isa = PBXFileReference; lastKnownFileType = wrapper.framework; name = SVProgressHUD.framework; path = Carthage/Build/iOS/SVProgressHUD.framework; sourceTree = "<group>"; };
		97029B7123EDFA4F0088640A /* RootViewController.swift */ = {isa = PBXFileReference; lastKnownFileType = sourcecode.swift; path = RootViewController.swift; sourceTree = "<group>"; };
		97029B7323EE915B0088640A /* SecondViewModel.swift */ = {isa = PBXFileReference; lastKnownFileType = sourcecode.swift; path = SecondViewModel.swift; sourceTree = "<group>"; };
		973ABF9023E4774000591A66 /* RxSwiftIncrementalSearch.app */ = {isa = PBXFileReference; explicitFileType = wrapper.application; includeInIndex = 0; path = RxSwiftIncrementalSearch.app; sourceTree = BUILT_PRODUCTS_DIR; };
		973ABF9323E4774000591A66 /* AppDelegate.swift */ = {isa = PBXFileReference; lastKnownFileType = sourcecode.swift; path = AppDelegate.swift; sourceTree = "<group>"; };
		973ABF9523E4774000591A66 /* SceneDelegate.swift */ = {isa = PBXFileReference; lastKnownFileType = sourcecode.swift; path = SceneDelegate.swift; sourceTree = "<group>"; };
		973ABF9723E4774000591A66 /* FirstViewController.swift */ = {isa = PBXFileReference; lastKnownFileType = sourcecode.swift; path = FirstViewController.swift; sourceTree = "<group>"; };
		973ABF9923E4774000591A66 /* SecondViewController.swift */ = {isa = PBXFileReference; lastKnownFileType = sourcecode.swift; path = SecondViewController.swift; sourceTree = "<group>"; };
		973ABF9C23E4774000591A66 /* Base */ = {isa = PBXFileReference; lastKnownFileType = file.storyboard; name = Base; path = Base.lproj/Main.storyboard; sourceTree = "<group>"; };
		973ABF9E23E4774100591A66 /* Assets.xcassets */ = {isa = PBXFileReference; lastKnownFileType = folder.assetcatalog; path = Assets.xcassets; sourceTree = "<group>"; };
		973ABFA123E4774100591A66 /* Base */ = {isa = PBXFileReference; lastKnownFileType = file.storyboard; name = Base; path = Base.lproj/LaunchScreen.storyboard; sourceTree = "<group>"; };
		973ABFA323E4774100591A66 /* Info.plist */ = {isa = PBXFileReference; lastKnownFileType = text.plist.xml; path = Info.plist; sourceTree = "<group>"; };
		973ABFA823E4774100591A66 /* RxSwiftIncrementalSearchTests.xctest */ = {isa = PBXFileReference; explicitFileType = wrapper.cfbundle; includeInIndex = 0; path = RxSwiftIncrementalSearchTests.xctest; sourceTree = BUILT_PRODUCTS_DIR; };
		973ABFAC23E4774100591A66 /* RxSwiftIncrementalSearchTests.swift */ = {isa = PBXFileReference; lastKnownFileType = sourcecode.swift; path = RxSwiftIncrementalSearchTests.swift; sourceTree = "<group>"; };
		973ABFAE23E4774100591A66 /* Info.plist */ = {isa = PBXFileReference; lastKnownFileType = text.plist.xml; path = Info.plist; sourceTree = "<group>"; };
		973ABFB323E4774200591A66 /* RxSwiftIncrementalSearchUITests.xctest */ = {isa = PBXFileReference; explicitFileType = wrapper.cfbundle; includeInIndex = 0; path = RxSwiftIncrementalSearchUITests.xctest; sourceTree = BUILT_PRODUCTS_DIR; };
		973ABFB723E4774200591A66 /* RxSwiftIncrementalSearchUITests.swift */ = {isa = PBXFileReference; lastKnownFileType = sourcecode.swift; path = RxSwiftIncrementalSearchUITests.swift; sourceTree = "<group>"; };
		973ABFB923E4774200591A66 /* Info.plist */ = {isa = PBXFileReference; lastKnownFileType = text.plist.xml; path = Info.plist; sourceTree = "<group>"; };
		9743A6C823F8799200A335EC /* Pods_RxSwiftIncrementalSearch.framework */ = {isa = PBXFileReference; explicitFileType = wrapper.framework; path = Pods_RxSwiftIncrementalSearch.framework; sourceTree = BUILT_PRODUCTS_DIR; };
		ACCF9FAF3A173E9C7A03D736 /* Pods_RxSwiftIncrementalSearchTests.framework */ = {isa = PBXFileReference; explicitFileType = wrapper.framework; includeInIndex = 0; path = Pods_RxSwiftIncrementalSearchTests.framework; sourceTree = BUILT_PRODUCTS_DIR; };
		B7221203C60B3E8752ACDF28 /* Pods-WikipediaAPI.release.xcconfig */ = {isa = PBXFileReference; includeInIndex = 1; lastKnownFileType = text.xcconfig; name = "Pods-WikipediaAPI.release.xcconfig"; path = "Target Support Files/Pods-WikipediaAPI/Pods-WikipediaAPI.release.xcconfig"; sourceTree = "<group>"; };
		C4B709F6355B192EE7127EEB /* Pods_RxSwiftIncrementalSearchUITests.framework */ = {isa = PBXFileReference; explicitFileType = wrapper.framework; includeInIndex = 0; path = Pods_RxSwiftIncrementalSearchUITests.framework; sourceTree = BUILT_PRODUCTS_DIR; };
		CD244D85248967DC00A1D67C /* search3.json */ = {isa = PBXFileReference; lastKnownFileType = text.json; path = search3.json; sourceTree = "<group>"; };
		CD244D89248A931900A1D67C /* FourthViewController.swift */ = {isa = PBXFileReference; lastKnownFileType = sourcecode.swift; path = FourthViewController.swift; sourceTree = "<group>"; };
		CD244D8B248A934500A1D67C /* FourthViewModel.swift */ = {isa = PBXFileReference; lastKnownFileType = sourcecode.swift; path = FourthViewModel.swift; sourceTree = "<group>"; };
		CD244D8D248A991A00A1D67C /* FourthTableViewCell.swift */ = {isa = PBXFileReference; lastKnownFileType = sourcecode.swift; path = FourthTableViewCell.swift; sourceTree = "<group>"; };
		CD244D8F248A9ABE00A1D67C /* FourthView.storyboard */ = {isa = PBXFileReference; lastKnownFileType = file.storyboard; path = FourthView.storyboard; sourceTree = "<group>"; };
		CD2B762A24745288005B31A1 /* Assets.swift */ = {isa = PBXFileReference; fileEncoding = 4; lastKnownFileType = sourcecode.swift; path = Assets.swift; sourceTree = "<group>"; };
		CD2B762C24746A24005B31A1 /* DependencyInjectable.swift */ = {isa = PBXFileReference; lastKnownFileType = sourcecode.swift; path = DependencyInjectable.swift; sourceTree = "<group>"; };
		CD2B762E24746AD6005B31A1 /* ThirdView.storyboard */ = {isa = PBXFileReference; lastKnownFileType = file.storyboard; path = ThirdView.storyboard; sourceTree = "<group>"; };
		CD2B763024746B29005B31A1 /* ThirdViewController.swift */ = {isa = PBXFileReference; lastKnownFileType = sourcecode.swift; path = ThirdViewController.swift; sourceTree = "<group>"; };
		CD2B7632247470CE005B31A1 /* Segues.swift */ = {isa = PBXFileReference; fileEncoding = 4; lastKnownFileType = sourcecode.swift; path = Segues.swift; sourceTree = "<group>"; };
		CD2B7633247470CE005B31A1 /* Scenes.swift */ = {isa = PBXFileReference; fileEncoding = 4; lastKnownFileType = sourcecode.swift; path = Scenes.swift; sourceTree = "<group>"; };
		CD2B76362475863A005B31A1 /* ThirdViewModel.swift */ = {isa = PBXFileReference; lastKnownFileType = sourcecode.swift; path = ThirdViewModel.swift; sourceTree = "<group>"; };
		CD3064A324758DF700EBBD1B /* WikipediaPageRequest.swift */ = {isa = PBXFileReference; lastKnownFileType = sourcecode.swift; path = WikipediaPageRequest.swift; sourceTree = "<group>"; };
		CD3064A524758E1900EBBD1B /* WikipediaPageResponse.swift */ = {isa = PBXFileReference; lastKnownFileType = sourcecode.swift; path = WikipediaPageResponse.swift; sourceTree = "<group>"; };
		CD3064AF247A8F2200EBBD1B /* Date+Extension.swift */ = {isa = PBXFileReference; lastKnownFileType = sourcecode.swift; path = "Date+Extension.swift"; sourceTree = "<group>"; };
		CD3064B1247B078F00EBBD1B /* FirstViewModelTests.swift */ = {isa = PBXFileReference; lastKnownFileType = sourcecode.swift; path = FirstViewModelTests.swift; sourceTree = "<group>"; };
		CD40561124D205DD000FFE1A /* carthage-input.xcfilelist */ = {isa = PBXFileReference; fileEncoding = 4; lastKnownFileType = text.xcfilelist; path = "carthage-input.xcfilelist"; sourceTree = SOURCE_ROOT; };
		CD40561224D205DE000FFE1A /* carthage-output.xcfilelist */ = {isa = PBXFileReference; fileEncoding = 4; lastKnownFileType = text.xcfilelist; path = "carthage-output.xcfilelist"; sourceTree = SOURCE_ROOT; };
		CD5AB4482482ECA800A124E5 /* TestSessionTask.swift */ = {isa = PBXFileReference; lastKnownFileType = sourcecode.swift; path = TestSessionTask.swift; sourceTree = "<group>"; };
		CD6824DF2481A2E1003E59B8 /* RxBlocking.framework */ = {isa = PBXFileReference; lastKnownFileType = wrapper.framework; name = RxBlocking.framework; path = Carthage/Build/iOS/RxBlocking.framework; sourceTree = "<group>"; };
		CD6824E82481A7B0003E59B8 /* RxTest.framework */ = {isa = PBXFileReference; lastKnownFileType = wrapper.framework; name = RxTest.framework; path = Carthage/Build/iOS/RxTest.framework; sourceTree = "<group>"; };
		CD7B4F39248438900056F631 /* search1.json */ = {isa = PBXFileReference; lastKnownFileType = text.json; path = search1.json; sourceTree = "<group>"; };
		CD7B4F3B248438AA0056F631 /* page.json */ = {isa = PBXFileReference; lastKnownFileType = text.json; path = page.json; sourceTree = "<group>"; };
		CD7B4F3E24881A570056F631 /* search2.json */ = {isa = PBXFileReference; lastKnownFileType = text.json; path = search2.json; sourceTree = "<group>"; };
		CD81A44C247B3CCE005E75DB /* Nimble.framework */ = {isa = PBXFileReference; lastKnownFileType = wrapper.framework; name = Nimble.framework; path = Carthage/Build/iOS/Nimble.framework; sourceTree = "<group>"; };
		CD81A44E247B3CDC005E75DB /* Quick.framework */ = {isa = PBXFileReference; lastKnownFileType = wrapper.framework; name = Quick.framework; path = Carthage/Build/iOS/Quick.framework; sourceTree = "<group>"; };
		CD81A450247B4A0C005E75DB /* RxSwiftExt.framework */ = {isa = PBXFileReference; lastKnownFileType = wrapper.framework; name = RxSwiftExt.framework; path = Carthage/Build/iOS/RxSwiftExt.framework; sourceTree = "<group>"; };
		CD81A453247EDE61005E75DB /* TestSessionAdapter.swift */ = {isa = PBXFileReference; lastKnownFileType = sourcecode.swift; path = TestSessionAdapter.swift; sourceTree = "<group>"; };
		CD81A456247EDFC7005E75DB /* WikipediSearchRequestTests.swift */ = {isa = PBXFileReference; lastKnownFileType = sourcecode.swift; path = WikipediSearchRequestTests.swift; sourceTree = "<group>"; };
		CD81A45A247F4E10005E75DB /* search.json */ = {isa = PBXFileReference; lastKnownFileType = text.json; path = search.json; sourceTree = "<group>"; };
		CD81A45C24801C7E005E75DB /* WikipediaPageRequestTests.swift */ = {isa = PBXFileReference; lastKnownFileType = sourcecode.swift; path = WikipediaPageRequestTests.swift; sourceTree = "<group>"; };
		CD81A45E24801DDE005E75DB /* page.json */ = {isa = PBXFileReference; lastKnownFileType = text.json; path = page.json; sourceTree = "<group>"; };
		CD81A46024817730005E75DB /* DependenciesTest.swift */ = {isa = PBXFileReference; lastKnownFileType = sourcecode.swift; path = DependenciesTest.swift; sourceTree = "<group>"; };
		CD81A465248186ED005E75DB /* Helpers.swift */ = {isa = PBXFileReference; lastKnownFileType = sourcecode.swift; path = Helpers.swift; sourceTree = "<group>"; };
		CD83B22024D9C3EE008BF0F7 /* Debug.xcconfig */ = {isa = PBXFileReference; lastKnownFileType = text.xcconfig; path = Debug.xcconfig; sourceTree = "<group>"; };
		CD83B22224D9C40C008BF0F7 /* Release.xcconfig */ = {isa = PBXFileReference; lastKnownFileType = text.xcconfig; path = Release.xcconfig; sourceTree = "<group>"; };
		CD9638C5247328F3009BA317 /* WikipediaAPI.framework */ = {isa = PBXFileReference; explicitFileType = wrapper.framework; includeInIndex = 0; path = WikipediaAPI.framework; sourceTree = BUILT_PRODUCTS_DIR; };
		CD9638C7247328F3009BA317 /* WikipediaAPI.h */ = {isa = PBXFileReference; lastKnownFileType = sourcecode.c.h; path = WikipediaAPI.h; sourceTree = "<group>"; };
		CD9638C8247328F3009BA317 /* Info.plist */ = {isa = PBXFileReference; lastKnownFileType = text.plist.xml; path = Info.plist; sourceTree = "<group>"; };
		CD9638CD247328F4009BA317 /* WikipediaAPITests.xctest */ = {isa = PBXFileReference; explicitFileType = wrapper.cfbundle; includeInIndex = 0; path = WikipediaAPITests.xctest; sourceTree = BUILT_PRODUCTS_DIR; };
		CD9638D4247328F4009BA317 /* WikipediaAPITests.swift */ = {isa = PBXFileReference; lastKnownFileType = sourcecode.swift; path = WikipediaAPITests.swift; sourceTree = "<group>"; };
		CD9638D6247328F4009BA317 /* Info.plist */ = {isa = PBXFileReference; lastKnownFileType = text.plist.xml; path = Info.plist; sourceTree = "<group>"; };
		CD9638F0247334A8009BA317 /* Library.framework */ = {isa = PBXFileReference; explicitFileType = wrapper.framework; includeInIndex = 0; path = Library.framework; sourceTree = BUILT_PRODUCTS_DIR; };
		CD9638F2247334A8009BA317 /* Library.h */ = {isa = PBXFileReference; lastKnownFileType = sourcecode.c.h; path = Library.h; sourceTree = "<group>"; };
		CD9638F3247334A8009BA317 /* Info.plist */ = {isa = PBXFileReference; lastKnownFileType = text.plist.xml; path = Info.plist; sourceTree = "<group>"; };
		CD9638F8247334A8009BA317 /* LibraryTests.xctest */ = {isa = PBXFileReference; explicitFileType = wrapper.cfbundle; includeInIndex = 0; path = LibraryTests.xctest; sourceTree = BUILT_PRODUCTS_DIR; };
		CD9638FF247334A8009BA317 /* LibraryTests.swift */ = {isa = PBXFileReference; lastKnownFileType = sourcecode.swift; path = LibraryTests.swift; sourceTree = "<group>"; };
		CD963901247334A8009BA317 /* Info.plist */ = {isa = PBXFileReference; lastKnownFileType = text.plist.xml; path = Info.plist; sourceTree = "<group>"; };
		CD96390F247425B1009BA317 /* Log.swift */ = {isa = PBXFileReference; fileEncoding = 4; lastKnownFileType = sourcecode.swift; path = Log.swift; sourceTree = "<group>"; };
		CD96391224742B1D009BA317 /* FirstTableViewCell.swift */ = {isa = PBXFileReference; lastKnownFileType = sourcecode.swift; path = FirstTableViewCell.swift; sourceTree = "<group>"; };
		CDD2FE3E248B70CC00387E5A /* FifthViewController.swift */ = {isa = PBXFileReference; lastKnownFileType = sourcecode.swift; path = FifthViewController.swift; sourceTree = "<group>"; };
		CDD2FE40248B716E00387E5A /* FifthView.storyboard */ = {isa = PBXFileReference; lastKnownFileType = file.storyboard; path = FifthView.storyboard; sourceTree = "<group>"; };
		CDE9070A24D9D01A00D21ED1 /* Base.xcconfig */ = {isa = PBXFileReference; lastKnownFileType = text.xcconfig; path = Base.xcconfig; sourceTree = "<group>"; };
		CDF82D582494065800543CD9 /* TestSessionAdapter.swift */ = {isa = PBXFileReference; lastKnownFileType = sourcecode.swift; path = TestSessionAdapter.swift; sourceTree = "<group>"; };
		F3EB9CBD5CC096ECBF23F9AC /* Pods-RxSwiftIncrementalSearch.debug.xcconfig */ = {isa = PBXFileReference; includeInIndex = 1; lastKnownFileType = text.xcconfig; name = "Pods-RxSwiftIncrementalSearch.debug.xcconfig"; path = "Target Support Files/Pods-RxSwiftIncrementalSearch/Pods-RxSwiftIncrementalSearch.debug.xcconfig"; sourceTree = "<group>"; };
/* End PBXFileReference section */

/* Begin PBXFrameworksBuildPhase section */
		973ABF8D23E4774000591A66 /* Frameworks */ = {
			isa = PBXFrameworksBuildPhase;
			buildActionMask = 2147483647;
			files = (
				CD81A451247B4A0C005E75DB /* RxSwiftExt.framework in Frameworks */,
				CD9638DA247328F4009BA317 /* WikipediaAPI.framework in Frameworks */,
				97029B6F23EDF57D0088640A /* SVProgressHUD.framework in Frameworks */,
				CD963905247334A8009BA317 /* Library.framework in Frameworks */,
				97029B6C23EDF51B0088640A /* RxRelay.framework in Frameworks */,
				97029B6923EDF4790088640A /* APIKit.framework in Frameworks */,
				97029B4E23EDD8530088640A /* RxCocoa.framework in Frameworks */,
				9743A6C923F8799200A335EC /* Pods_RxSwiftIncrementalSearch.framework in Frameworks */,
				97029B4A23EDD82D0088640A /* RxSwift.framework in Frameworks */,
			);
			runOnlyForDeploymentPostprocessing = 0;
		};
		973ABFA523E4774100591A66 /* Frameworks */ = {
			isa = PBXFrameworksBuildPhase;
			buildActionMask = 2147483647;
			files = (
				CD6824E92481A7B0003E59B8 /* RxTest.framework in Frameworks */,
				CD6824E22481A51E003E59B8 /* RxBlocking.framework in Frameworks */,
				9A7073C7B24D90CC9473E4C5 /* Pods_RxSwiftIncrementalSearchTests.framework in Frameworks */,
			);
			runOnlyForDeploymentPostprocessing = 0;
		};
		973ABFB023E4774200591A66 /* Frameworks */ = {
			isa = PBXFrameworksBuildPhase;
			buildActionMask = 2147483647;
			files = (
				BF51282E8A79B51F9D951F64 /* Pods_RxSwiftIncrementalSearchUITests.framework in Frameworks */,
			);
			runOnlyForDeploymentPostprocessing = 0;
		};
		CD9638C2247328F3009BA317 /* Frameworks */ = {
			isa = PBXFrameworksBuildPhase;
			buildActionMask = 2147483647;
			files = (
				CD9638E724732A30009BA317 /* APIKit.framework in Frameworks */,
				0F2BA4362782886A09BA7FBD /* Pods_WikipediaAPI.framework in Frameworks */,
			);
			runOnlyForDeploymentPostprocessing = 0;
		};
		CD9638CA247328F4009BA317 /* Frameworks */ = {
			isa = PBXFrameworksBuildPhase;
			buildActionMask = 2147483647;
			files = (
				CD81A458247EE4A6005E75DB /* APIKit.framework in Frameworks */,
				CD9638CE247328F4009BA317 /* WikipediaAPI.framework in Frameworks */,
			);
			runOnlyForDeploymentPostprocessing = 0;
		};
		CD9638ED247334A8009BA317 /* Frameworks */ = {
			isa = PBXFrameworksBuildPhase;
			buildActionMask = 2147483647;
			files = (
			);
			runOnlyForDeploymentPostprocessing = 0;
		};
		CD9638F5247334A8009BA317 /* Frameworks */ = {
			isa = PBXFrameworksBuildPhase;
			buildActionMask = 2147483647;
			files = (
				CD9638F9247334A8009BA317 /* Library.framework in Frameworks */,
			);
			runOnlyForDeploymentPostprocessing = 0;
		};
/* End PBXFrameworksBuildPhase section */

/* Begin PBXGroup section */
		6FB72E9184B5112677013194 /* Pods */ = {
			isa = PBXGroup;
			children = (
				F3EB9CBD5CC096ECBF23F9AC /* Pods-RxSwiftIncrementalSearch.debug.xcconfig */,
				8E3BBDCDA83A4DC61E25264C /* Pods-RxSwiftIncrementalSearch.release.xcconfig */,
				0B67885142598FC1B76FBB74 /* Pods-RxSwiftIncrementalSearchTests.debug.xcconfig */,
				4D802D79E23D073F79BD23D6 /* Pods-RxSwiftIncrementalSearchTests.release.xcconfig */,
				8BCE8B9AFE52C61377FE8F14 /* Pods-RxSwiftIncrementalSearchUITests.debug.xcconfig */,
				361633FD934DDA47F7D5EE7B /* Pods-RxSwiftIncrementalSearchUITests.release.xcconfig */,
				46D059CA8C56BE23FCA0C50B /* Pods-API.debug.xcconfig */,
				08CE7323E46E4B1BADD1CB35 /* Pods-API.release.xcconfig */,
				0AD7A337C0BE9A219378BE2B /* Pods-WikipediaAPI.debug.xcconfig */,
				B7221203C60B3E8752ACDF28 /* Pods-WikipediaAPI.release.xcconfig */,
			);
			path = Pods;
			sourceTree = "<group>";
		};
		973ABF8723E4774000591A66 = {
			isa = PBXGroup;
			children = (
				CDE9070A24D9D01A00D21ED1 /* Base.xcconfig */,
				CD83B22024D9C3EE008BF0F7 /* Debug.xcconfig */,
				CD83B22224D9C40C008BF0F7 /* Release.xcconfig */,
				CD9638C6247328F3009BA317 /* WikipediaAPI */,
				CD9638D3247328F4009BA317 /* WikipediaAPITests */,
				973ABF9223E4774000591A66 /* RxSwiftIncrementalSearch */,
				973ABFAB23E4774100591A66 /* RxSwiftIncrementalSearchTests */,
				973ABFB623E4774200591A66 /* RxSwiftIncrementalSearchUITests */,
				CD9638F1247334A8009BA317 /* Library */,
				CD9638FE247334A8009BA317 /* LibraryTests */,
				973ABF9123E4774000591A66 /* Products */,
				6FB72E9184B5112677013194 /* Pods */,
				E718A72F46E50E7A77CB3928 /* Frameworks */,
			);
			sourceTree = "<group>";
		};
		973ABF9123E4774000591A66 /* Products */ = {
			isa = PBXGroup;
			children = (
				973ABF9023E4774000591A66 /* RxSwiftIncrementalSearch.app */,
				973ABFA823E4774100591A66 /* RxSwiftIncrementalSearchTests.xctest */,
				973ABFB323E4774200591A66 /* RxSwiftIncrementalSearchUITests.xctest */,
				CD9638C5247328F3009BA317 /* WikipediaAPI.framework */,
				CD9638CD247328F4009BA317 /* WikipediaAPITests.xctest */,
				CD9638F0247334A8009BA317 /* Library.framework */,
				CD9638F8247334A8009BA317 /* LibraryTests.xctest */,
			);
			name = Products;
			sourceTree = "<group>";
		};
		973ABF9223E4774000591A66 /* RxSwiftIncrementalSearch */ = {
			isa = PBXGroup;
			children = (
				CD2B762924745288005B31A1 /* Generated */,
				CD96389824731F78009BA317 /* Library */,
				CD96389524731CDE009BA317 /* ViewModel */,
				CD96389424731CD1009BA317 /* Views */,
				973ABF9323E4774000591A66 /* AppDelegate.swift */,
				973ABF9523E4774000591A66 /* SceneDelegate.swift */,
				973ABF9E23E4774100591A66 /* Assets.xcassets */,
				973ABFA323E4774100591A66 /* Info.plist */,
				97029B7123EDFA4F0088640A /* RootViewController.swift */,
				CD40561124D205DD000FFE1A /* carthage-input.xcfilelist */,
				CD40561224D205DE000FFE1A /* carthage-output.xcfilelist */,
			);
			path = RxSwiftIncrementalSearch;
			sourceTree = "<group>";
		};
		973ABFAB23E4774100591A66 /* RxSwiftIncrementalSearchTests */ = {
			isa = PBXGroup;
			children = (
				973ABFAE23E4774100591A66 /* Info.plist */,
				CD6824E32481A6FE003E59B8 /* Fixtures */,
				CD81A4622481775F005E75DB /* Helpers */,
				973ABFAC23E4774100591A66 /* RxSwiftIncrementalSearchTests.swift */,
				CD3064B1247B078F00EBBD1B /* FirstViewModelTests.swift */,
			);
			path = RxSwiftIncrementalSearchTests;
			sourceTree = "<group>";
		};
		973ABFB623E4774200591A66 /* RxSwiftIncrementalSearchUITests */ = {
			isa = PBXGroup;
			children = (
				973ABFB723E4774200591A66 /* RxSwiftIncrementalSearchUITests.swift */,
				973ABFB923E4774200591A66 /* Info.plist */,
			);
			path = RxSwiftIncrementalSearchUITests;
			sourceTree = "<group>";
		};
		CD2B762924745288005B31A1 /* Generated */ = {
			isa = PBXGroup;
			children = (
				CD2B762A24745288005B31A1 /* Assets.swift */,
				CD2B7633247470CE005B31A1 /* Scenes.swift */,
				CD2B7632247470CE005B31A1 /* Segues.swift */,
			);
			path = Generated;
			sourceTree = "<group>";
		};
		CD3064A724758E2300EBBD1B /* Response */ = {
			isa = PBXGroup;
			children = (
				97029B5C23EDE8E90088640A /* WikipediaSearchResponse.swift */,
				CD3064A524758E1900EBBD1B /* WikipediaPageResponse.swift */,
			);
			path = Response;
			sourceTree = "<group>";
		};
		CD3064A824758E3900EBBD1B /* Request */ = {
			isa = PBXGroup;
			children = (
				97029B5423EDE7AC0088640A /* Session+Observable.swift */,
				97029B5623EDE7E20088640A /* WikipediaRequestType.swift */,
				97029B5E23EDE93A0088640A /* WikipediaParser.swift */,
				97029B5A23EDE8A20088640A /* WikipediaSearchRequest.swift */,
				CD3064A324758DF700EBBD1B /* WikipediaPageRequest.swift */,
			);
			path = Request;
			sourceTree = "<group>";
		};
		CD3064A924799EA000EBBD1B /* Extension */ = {
			isa = PBXGroup;
			children = (
				CD3064AF247A8F2200EBBD1B /* Date+Extension.swift */,
			);
			path = Extension;
			sourceTree = "<group>";
		};
		CD6824E32481A6FE003E59B8 /* Fixtures */ = {
			isa = PBXGroup;
			children = (
				CD7B4F39248438900056F631 /* search1.json */,
				CD7B4F3E24881A570056F631 /* search2.json */,
				CD244D85248967DC00A1D67C /* search3.json */,
				CD7B4F3B248438AA0056F631 /* page.json */,
			);
			path = Fixtures;
			sourceTree = "<group>";
		};
		CD81A452247ED806005E75DB /* Helpers */ = {
			isa = PBXGroup;
			children = (
				CD81A453247EDE61005E75DB /* TestSessionAdapter.swift */,
			);
			path = Helpers;
			sourceTree = "<group>";
		};
		CD81A459247F4C2E005E75DB /* Fixtures */ = {
			isa = PBXGroup;
			children = (
				CD81A45A247F4E10005E75DB /* search.json */,
				CD81A45E24801DDE005E75DB /* page.json */,
			);
			path = Fixtures;
			sourceTree = "<group>";
		};
		CD81A4622481775F005E75DB /* Helpers */ = {
			isa = PBXGroup;
			children = (
				CD81A46024817730005E75DB /* DependenciesTest.swift */,
				CD81A465248186ED005E75DB /* Helpers.swift */,
				CD5AB4482482ECA800A124E5 /* TestSessionTask.swift */,
				CDF82D582494065800543CD9 /* TestSessionAdapter.swift */,
			);
			path = Helpers;
			sourceTree = "<group>";
		};
		CD96389424731CD1009BA317 /* Views */ = {
			isa = PBXGroup;
			children = (
				CD96391124742A1F009BA317 /* Cells */,
				CD96389724731EDB009BA317 /* Controllers */,
				CD96389624731ED0009BA317 /* Storyboards */,
			);
			path = Views;
			sourceTree = "<group>";
		};
		CD96389524731CDE009BA317 /* ViewModel */ = {
			isa = PBXGroup;
			children = (
				97029B5223EDDB600088640A /* Dependencies.swift */,
				97029B5023EDDA920088640A /* ViewModelType.swift */,
				97029B4623EDD3890088640A /* FirstViewModel.swift */,
				97029B7323EE915B0088640A /* SecondViewModel.swift */,
				CD2B76362475863A005B31A1 /* ThirdViewModel.swift */,
				CD244D8B248A934500A1D67C /* FourthViewModel.swift */,
			);
			path = ViewModel;
			sourceTree = "<group>";
		};
		CD96389624731ED0009BA317 /* Storyboards */ = {
			isa = PBXGroup;
			children = (
				973ABFA023E4774100591A66 /* LaunchScreen.storyboard */,
				973ABF9B23E4774000591A66 /* Main.storyboard */,
				CD2B762E24746AD6005B31A1 /* ThirdView.storyboard */,
				CD244D8F248A9ABE00A1D67C /* FourthView.storyboard */,
				CDD2FE40248B716E00387E5A /* FifthView.storyboard */,
			);
			path = Storyboards;
			sourceTree = "<group>";
		};
		CD96389724731EDB009BA317 /* Controllers */ = {
			isa = PBXGroup;
			children = (
				CD2B762C24746A24005B31A1 /* DependencyInjectable.swift */,
				973ABF9723E4774000591A66 /* FirstViewController.swift */,
				973ABF9923E4774000591A66 /* SecondViewController.swift */,
				CD2B763024746B29005B31A1 /* ThirdViewController.swift */,
				CD244D89248A931900A1D67C /* FourthViewController.swift */,
				CDD2FE3E248B70CC00387E5A /* FifthViewController.swift */,
			);
			path = Controllers;
			sourceTree = "<group>";
		};
		CD96389824731F78009BA317 /* Library */ = {
			isa = PBXGroup;
			children = (
				97029B6423EDEF120088640A /* materialized+elements.swift */,
				97029B6623EDF0600088640A /* LoadingIndicator.swift */,
			);
			path = Library;
			sourceTree = "<group>";
		};
		CD9638C6247328F3009BA317 /* WikipediaAPI */ = {
			isa = PBXGroup;
			children = (
				CD9638C7247328F3009BA317 /* WikipediaAPI.h */,
				CD9638C8247328F3009BA317 /* Info.plist */,
				CD3064A824758E3900EBBD1B /* Request */,
				CD3064A724758E2300EBBD1B /* Response */,
			);
			path = WikipediaAPI;
			sourceTree = "<group>";
		};
		CD9638D3247328F4009BA317 /* WikipediaAPITests */ = {
			isa = PBXGroup;
			children = (
				CD9638D6247328F4009BA317 /* Info.plist */,
				CD81A459247F4C2E005E75DB /* Fixtures */,
				CD81A452247ED806005E75DB /* Helpers */,
				CD9638D4247328F4009BA317 /* WikipediaAPITests.swift */,
				CD81A456247EDFC7005E75DB /* WikipediSearchRequestTests.swift */,
				CD81A45C24801C7E005E75DB /* WikipediaPageRequestTests.swift */,
			);
			path = WikipediaAPITests;
			sourceTree = "<group>";
		};
		CD9638F1247334A8009BA317 /* Library */ = {
			isa = PBXGroup;
			children = (
				CD96390F247425B1009BA317 /* Log.swift */,
				CD3064A924799EA000EBBD1B /* Extension */,
				CD9638F2247334A8009BA317 /* Library.h */,
				CD9638F3247334A8009BA317 /* Info.plist */,
			);
			path = Library;
			sourceTree = "<group>";
		};
		CD9638FE247334A8009BA317 /* LibraryTests */ = {
			isa = PBXGroup;
			children = (
				CD9638FF247334A8009BA317 /* LibraryTests.swift */,
				CD963901247334A8009BA317 /* Info.plist */,
			);
			path = LibraryTests;
			sourceTree = "<group>";
		};
		CD96391124742A1F009BA317 /* Cells */ = {
			isa = PBXGroup;
			children = (
				CD96391224742B1D009BA317 /* FirstTableViewCell.swift */,
				CD244D8D248A991A00A1D67C /* FourthTableViewCell.swift */,
			);
			path = Cells;
			sourceTree = "<group>";
		};
		E718A72F46E50E7A77CB3928 /* Frameworks */ = {
			isa = PBXGroup;
			children = (
				CD6824E82481A7B0003E59B8 /* RxTest.framework */,
				CD6824DF2481A2E1003E59B8 /* RxBlocking.framework */,
				CD81A450247B4A0C005E75DB /* RxSwiftExt.framework */,
				CD81A44E247B3CDC005E75DB /* Quick.framework */,
				CD81A44C247B3CCE005E75DB /* Nimble.framework */,
				9743A6C823F8799200A335EC /* Pods_RxSwiftIncrementalSearch.framework */,
				97029B6E23EDF57D0088640A /* SVProgressHUD.framework */,
				97029B6B23EDF51B0088640A /* RxRelay.framework */,
				97029B6823EDF4790088640A /* APIKit.framework */,
				97029B4D23EDD8530088640A /* RxCocoa.framework */,
				97029B4923EDD82D0088640A /* RxSwift.framework */,
				50D4FAD521FCA67EE2E7A790 /* Pods_RxSwiftIncrementalSearch.framework */,
				ACCF9FAF3A173E9C7A03D736 /* Pods_RxSwiftIncrementalSearchTests.framework */,
				C4B709F6355B192EE7127EEB /* Pods_RxSwiftIncrementalSearchUITests.framework */,
				352B8F7B004901282767FD52 /* Pods_API.framework */,
				7806273B87B2FE46EB06AE72 /* Pods_WikipediaAPI.framework */,
			);
			name = Frameworks;
			sourceTree = "<group>";
		};
/* End PBXGroup section */

/* Begin PBXHeadersBuildPhase section */
		CD9638C0247328F3009BA317 /* Headers */ = {
			isa = PBXHeadersBuildPhase;
			buildActionMask = 2147483647;
			files = (
				CD9638D7247328F4009BA317 /* WikipediaAPI.h in Headers */,
			);
			runOnlyForDeploymentPostprocessing = 0;
		};
		CD9638EB247334A8009BA317 /* Headers */ = {
			isa = PBXHeadersBuildPhase;
			buildActionMask = 2147483647;
			files = (
				CD963902247334A8009BA317 /* Library.h in Headers */,
			);
			runOnlyForDeploymentPostprocessing = 0;
		};
/* End PBXHeadersBuildPhase section */

/* Begin PBXNativeTarget section */
		973ABF8F23E4774000591A66 /* RxSwiftIncrementalSearch */ = {
			isa = PBXNativeTarget;
			buildConfigurationList = 973ABFBC23E4774200591A66 /* Build configuration list for PBXNativeTarget "RxSwiftIncrementalSearch" */;
			buildPhases = (
				E98B4F21A956C333438ED8E3 /* [CP] Check Pods Manifest.lock */,
				973ABF8C23E4774000591A66 /* Sources */,
				973ABF8D23E4774000591A66 /* Frameworks */,
				973ABF8E23E4774000591A66 /* Resources */,
				97029B4823EDD6530088640A /* Carthage */,
				97029B4C23EDD82D0088640A /* Embed Frameworks */,
				CD2B76282474523F005B31A1 /* Swiftgen */,
				CD3064AE247A822300EBBD1B /* Swiftlint */,
			);
			buildRules = (
			);
			dependencies = (
				CD9638D9247328F4009BA317 /* PBXTargetDependency */,
				CD963904247334A8009BA317 /* PBXTargetDependency */,
			);
			name = RxSwiftIncrementalSearch;
			productName = RxMvvMSample;
			productReference = 973ABF9023E4774000591A66 /* RxSwiftIncrementalSearch.app */;
			productType = "com.apple.product-type.application";
		};
		973ABFA723E4774100591A66 /* RxSwiftIncrementalSearchTests */ = {
			isa = PBXNativeTarget;
			buildConfigurationList = 973ABFBF23E4774200591A66 /* Build configuration list for PBXNativeTarget "RxSwiftIncrementalSearchTests" */;
			buildPhases = (
				76CBC06D6B30625BE184D97C /* [CP] Check Pods Manifest.lock */,
				973ABFA423E4774100591A66 /* Sources */,
				973ABFA523E4774100591A66 /* Frameworks */,
				973ABFA623E4774100591A66 /* Resources */,
				CD6824EA2481A81A003E59B8 /* Carthage */,
			);
			buildRules = (
			);
			dependencies = (
				973ABFAA23E4774100591A66 /* PBXTargetDependency */,
			);
			name = RxSwiftIncrementalSearchTests;
			productName = RxMvvMSampleTests;
			productReference = 973ABFA823E4774100591A66 /* RxSwiftIncrementalSearchTests.xctest */;
			productType = "com.apple.product-type.bundle.unit-test";
		};
		973ABFB223E4774200591A66 /* RxSwiftIncrementalSearchUITests */ = {
			isa = PBXNativeTarget;
			buildConfigurationList = 973ABFC223E4774200591A66 /* Build configuration list for PBXNativeTarget "RxSwiftIncrementalSearchUITests" */;
			buildPhases = (
				7A3A5B18D3F99AD78A77C405 /* [CP] Check Pods Manifest.lock */,
				973ABFAF23E4774200591A66 /* Sources */,
				973ABFB023E4774200591A66 /* Frameworks */,
				973ABFB123E4774200591A66 /* Resources */,
			);
			buildRules = (
			);
			dependencies = (
				973ABFB523E4774200591A66 /* PBXTargetDependency */,
			);
			name = RxSwiftIncrementalSearchUITests;
			productName = RxMvvMSampleUITests;
			productReference = 973ABFB323E4774200591A66 /* RxSwiftIncrementalSearchUITests.xctest */;
			productType = "com.apple.product-type.bundle.ui-testing";
		};
		CD9638C4247328F3009BA317 /* WikipediaAPI */ = {
			isa = PBXNativeTarget;
			buildConfigurationList = CD9638DC247328F4009BA317 /* Build configuration list for PBXNativeTarget "WikipediaAPI" */;
			buildPhases = (
				2BE7CD66F930839E9B59D536 /* [CP] Check Pods Manifest.lock */,
				CD9638C0247328F3009BA317 /* Headers */,
				CD9638C1247328F3009BA317 /* Sources */,
				CD9638C2247328F3009BA317 /* Frameworks */,
				CD9638C3247328F3009BA317 /* Resources */,
			);
			buildRules = (
			);
			dependencies = (
				CD0F543424CA19FD0051F098 /* PBXTargetDependency */,
			);
			name = WikipediaAPI;
			productName = WikipediaAPI;
			productReference = CD9638C5247328F3009BA317 /* WikipediaAPI.framework */;
			productType = "com.apple.product-type.framework";
		};
		CD9638CC247328F4009BA317 /* WikipediaAPITests */ = {
			isa = PBXNativeTarget;
			buildConfigurationList = CD9638DF247328F4009BA317 /* Build configuration list for PBXNativeTarget "WikipediaAPITests" */;
			buildPhases = (
				CD9638C9247328F4009BA317 /* Sources */,
				CD9638CA247328F4009BA317 /* Frameworks */,
				CD9638CB247328F4009BA317 /* Resources */,
			);
			buildRules = (
			);
			dependencies = (
				CD9638D0247328F4009BA317 /* PBXTargetDependency */,
				CD9638D2247328F4009BA317 /* PBXTargetDependency */,
			);
			name = WikipediaAPITests;
			productName = WikipediaAPITests;
			productReference = CD9638CD247328F4009BA317 /* WikipediaAPITests.xctest */;
			productType = "com.apple.product-type.bundle.unit-test";
		};
		CD9638EF247334A8009BA317 /* Library */ = {
			isa = PBXNativeTarget;
			buildConfigurationList = CD963907247334A8009BA317 /* Build configuration list for PBXNativeTarget "Library" */;
			buildPhases = (
				CD9638EB247334A8009BA317 /* Headers */,
				CD9638EC247334A8009BA317 /* Sources */,
				CD9638ED247334A8009BA317 /* Frameworks */,
				CD9638EE247334A8009BA317 /* Resources */,
			);
			buildRules = (
			);
			dependencies = (
			);
			name = Library;
			productName = Library;
			productReference = CD9638F0247334A8009BA317 /* Library.framework */;
			productType = "com.apple.product-type.framework";
		};
		CD9638F7247334A8009BA317 /* LibraryTests */ = {
			isa = PBXNativeTarget;
			buildConfigurationList = CD96390A247334A8009BA317 /* Build configuration list for PBXNativeTarget "LibraryTests" */;
			buildPhases = (
				CD9638F4247334A8009BA317 /* Sources */,
				CD9638F5247334A8009BA317 /* Frameworks */,
				CD9638F6247334A8009BA317 /* Resources */,
			);
			buildRules = (
			);
			dependencies = (
				CD9638FB247334A8009BA317 /* PBXTargetDependency */,
				CD9638FD247334A8009BA317 /* PBXTargetDependency */,
			);
			name = LibraryTests;
			productName = LibraryTests;
			productReference = CD9638F8247334A8009BA317 /* LibraryTests.xctest */;
			productType = "com.apple.product-type.bundle.unit-test";
		};
/* End PBXNativeTarget section */

/* Begin PBXProject section */
		973ABF8823E4774000591A66 /* Project object */ = {
			isa = PBXProject;
			attributes = {
				LastSwiftUpdateCheck = 1130;
				LastUpgradeCheck = 1160;
				ORGANIZATIONNAME = takayuki.yokoda;
				TargetAttributes = {
					973ABF8F23E4774000591A66 = {
						CreatedOnToolsVersion = 11.3.1;
					};
					973ABFA723E4774100591A66 = {
						CreatedOnToolsVersion = 11.3.1;
						TestTargetID = 973ABF8F23E4774000591A66;
					};
					973ABFB223E4774200591A66 = {
						CreatedOnToolsVersion = 11.3.1;
						TestTargetID = 973ABF8F23E4774000591A66;
					};
					CD9638C4247328F3009BA317 = {
						CreatedOnToolsVersion = 11.3.1;
					};
					CD9638CC247328F4009BA317 = {
						CreatedOnToolsVersion = 11.3.1;
						TestTargetID = 973ABF8F23E4774000591A66;
					};
					CD9638EF247334A8009BA317 = {
						CreatedOnToolsVersion = 11.3.1;
						LastSwiftMigration = 1130;
					};
					CD9638F7247334A8009BA317 = {
						CreatedOnToolsVersion = 11.3.1;
						TestTargetID = 973ABF8F23E4774000591A66;
					};
				};
			};
			buildConfigurationList = 973ABF8B23E4774000591A66 /* Build configuration list for PBXProject "RxSwiftIncrementalSearch" */;
			compatibilityVersion = "Xcode 9.3";
			developmentRegion = en;
			hasScannedForEncodings = 0;
			knownRegions = (
				en,
				Base,
			);
			mainGroup = 973ABF8723E4774000591A66;
			productRefGroup = 973ABF9123E4774000591A66 /* Products */;
			projectDirPath = "";
			projectRoot = "";
			targets = (
				973ABF8F23E4774000591A66 /* RxSwiftIncrementalSearch */,
				973ABFA723E4774100591A66 /* RxSwiftIncrementalSearchTests */,
				973ABFB223E4774200591A66 /* RxSwiftIncrementalSearchUITests */,
				CD9638C4247328F3009BA317 /* WikipediaAPI */,
				CD9638CC247328F4009BA317 /* WikipediaAPITests */,
				CD9638EF247334A8009BA317 /* Library */,
				CD9638F7247334A8009BA317 /* LibraryTests */,
			);
		};
/* End PBXProject section */

/* Begin PBXResourcesBuildPhase section */
		973ABF8E23E4774000591A66 /* Resources */ = {
			isa = PBXResourcesBuildPhase;
			buildActionMask = 2147483647;
			files = (
				973ABFA223E4774100591A66 /* LaunchScreen.storyboard in Resources */,
				CD2B762F24746AD6005B31A1 /* ThirdView.storyboard in Resources */,
				973ABF9F23E4774100591A66 /* Assets.xcassets in Resources */,
				CDD2FE41248B716E00387E5A /* FifthView.storyboard in Resources */,
				973ABF9D23E4774000591A66 /* Main.storyboard in Resources */,
				CD244D90248A9ABE00A1D67C /* FourthView.storyboard in Resources */,
				CD40561324D205DE000FFE1A /* carthage-input.xcfilelist in Resources */,
				CD40561424D205DE000FFE1A /* carthage-output.xcfilelist in Resources */,
			);
			runOnlyForDeploymentPostprocessing = 0;
		};
		973ABFA623E4774100591A66 /* Resources */ = {
			isa = PBXResourcesBuildPhase;
			buildActionMask = 2147483647;
			files = (
				CD7B4F3C248438AA0056F631 /* page.json in Resources */,
				CD244D86248967DC00A1D67C /* search3.json in Resources */,
				CD7B4F3F24881A570056F631 /* search2.json in Resources */,
				CD7B4F3A248438900056F631 /* search1.json in Resources */,
			);
			runOnlyForDeploymentPostprocessing = 0;
		};
		973ABFB123E4774200591A66 /* Resources */ = {
			isa = PBXResourcesBuildPhase;
			buildActionMask = 2147483647;
			files = (
			);
			runOnlyForDeploymentPostprocessing = 0;
		};
		CD9638C3247328F3009BA317 /* Resources */ = {
			isa = PBXResourcesBuildPhase;
			buildActionMask = 2147483647;
			files = (
			);
			runOnlyForDeploymentPostprocessing = 0;
		};
		CD9638CB247328F4009BA317 /* Resources */ = {
			isa = PBXResourcesBuildPhase;
			buildActionMask = 2147483647;
			files = (
				CD81A45F24801DDE005E75DB /* page.json in Resources */,
				CD81A45B247F4E10005E75DB /* search.json in Resources */,
			);
			runOnlyForDeploymentPostprocessing = 0;
		};
		CD9638EE247334A8009BA317 /* Resources */ = {
			isa = PBXResourcesBuildPhase;
			buildActionMask = 2147483647;
			files = (
			);
			runOnlyForDeploymentPostprocessing = 0;
		};
		CD9638F6247334A8009BA317 /* Resources */ = {
			isa = PBXResourcesBuildPhase;
			buildActionMask = 2147483647;
			files = (
			);
			runOnlyForDeploymentPostprocessing = 0;
		};
/* End PBXResourcesBuildPhase section */

/* Begin PBXShellScriptBuildPhase section */
		2BE7CD66F930839E9B59D536 /* [CP] Check Pods Manifest.lock */ = {
			isa = PBXShellScriptBuildPhase;
			buildActionMask = 2147483647;
			files = (
			);
			inputFileListPaths = (
			);
			inputPaths = (
				"${PODS_PODFILE_DIR_PATH}/Podfile.lock",
				"${PODS_ROOT}/Manifest.lock",
			);
			name = "[CP] Check Pods Manifest.lock";
			outputFileListPaths = (
			);
			outputPaths = (
				"$(DERIVED_FILE_DIR)/Pods-WikipediaAPI-checkManifestLockResult.txt",
			);
			runOnlyForDeploymentPostprocessing = 0;
			shellPath = /bin/sh;
			shellScript = "diff \"${PODS_PODFILE_DIR_PATH}/Podfile.lock\" \"${PODS_ROOT}/Manifest.lock\" > /dev/null\nif [ $? != 0 ] ; then\n    # print error to STDERR\n    echo \"error: The sandbox is not in sync with the Podfile.lock. Run 'pod install' or update your CocoaPods installation.\" >&2\n    exit 1\nfi\n# This output is used by Xcode 'outputs' to avoid re-running this script phase.\necho \"SUCCESS\" > \"${SCRIPT_OUTPUT_FILE_0}\"\n";
			showEnvVarsInLog = 0;
		};
		76CBC06D6B30625BE184D97C /* [CP] Check Pods Manifest.lock */ = {
			isa = PBXShellScriptBuildPhase;
			buildActionMask = 2147483647;
			files = (
			);
			inputFileListPaths = (
			);
			inputPaths = (
				"${PODS_PODFILE_DIR_PATH}/Podfile.lock",
				"${PODS_ROOT}/Manifest.lock",
			);
			name = "[CP] Check Pods Manifest.lock";
			outputFileListPaths = (
			);
			outputPaths = (
				"$(DERIVED_FILE_DIR)/Pods-RxSwiftIncrementalSearchTests-checkManifestLockResult.txt",
			);
			runOnlyForDeploymentPostprocessing = 0;
			shellPath = /bin/sh;
			shellScript = "diff \"${PODS_PODFILE_DIR_PATH}/Podfile.lock\" \"${PODS_ROOT}/Manifest.lock\" > /dev/null\nif [ $? != 0 ] ; then\n    # print error to STDERR\n    echo \"error: The sandbox is not in sync with the Podfile.lock. Run 'pod install' or update your CocoaPods installation.\" >&2\n    exit 1\nfi\n# This output is used by Xcode 'outputs' to avoid re-running this script phase.\necho \"SUCCESS\" > \"${SCRIPT_OUTPUT_FILE_0}\"\n";
			showEnvVarsInLog = 0;
		};
		7A3A5B18D3F99AD78A77C405 /* [CP] Check Pods Manifest.lock */ = {
			isa = PBXShellScriptBuildPhase;
			buildActionMask = 2147483647;
			files = (
			);
			inputFileListPaths = (
			);
			inputPaths = (
				"${PODS_PODFILE_DIR_PATH}/Podfile.lock",
				"${PODS_ROOT}/Manifest.lock",
			);
			name = "[CP] Check Pods Manifest.lock";
			outputFileListPaths = (
			);
			outputPaths = (
				"$(DERIVED_FILE_DIR)/Pods-RxSwiftIncrementalSearchUITests-checkManifestLockResult.txt",
			);
			runOnlyForDeploymentPostprocessing = 0;
			shellPath = /bin/sh;
			shellScript = "diff \"${PODS_PODFILE_DIR_PATH}/Podfile.lock\" \"${PODS_ROOT}/Manifest.lock\" > /dev/null\nif [ $? != 0 ] ; then\n    # print error to STDERR\n    echo \"error: The sandbox is not in sync with the Podfile.lock. Run 'pod install' or update your CocoaPods installation.\" >&2\n    exit 1\nfi\n# This output is used by Xcode 'outputs' to avoid re-running this script phase.\necho \"SUCCESS\" > \"${SCRIPT_OUTPUT_FILE_0}\"\n";
			showEnvVarsInLog = 0;
		};
		97029B4823EDD6530088640A /* Carthage */ = {
			isa = PBXShellScriptBuildPhase;
			buildActionMask = 2147483647;
			files = (
			);
			inputFileListPaths = (
				"$(SRCROOT)/carthage-input.xcfilelist",
			);
			inputPaths = (
			);
			name = Carthage;
			outputFileListPaths = (
				"$(SRCROOT)/carthage-output.xcfilelist",
			);
			outputPaths = (
			);
			runOnlyForDeploymentPostprocessing = 0;
			shellPath = /bin/sh;
			shellScript = "unset SDKROOT\nif which mint >/dev/null; then\n  mint run carthage copy-frameworks\nelse\n  echo \"warning: Mint not installed, download from https://github.com/yonaskolb/Mint\"\nfi\n";
		};
		CD2B76282474523F005B31A1 /* Swiftgen */ = {
			isa = PBXShellScriptBuildPhase;
			buildActionMask = 2147483647;
			files = (
			);
			inputFileListPaths = (
			);
			inputPaths = (
			);
			name = Swiftgen;
			outputFileListPaths = (
			);
			outputPaths = (
			);
			runOnlyForDeploymentPostprocessing = 0;
			shellPath = /bin/sh;
			shellScript = "unset SDKROOT\nif which mint >/dev/null; then\n  mint run swiftgen\nelse\n  echo \"warning: Mint not installed, download from https://github.com/yonaskolb/Mint\"\nfi\n";
		};
		CD3064AE247A822300EBBD1B /* Swiftlint */ = {
			isa = PBXShellScriptBuildPhase;
			buildActionMask = 2147483647;
			files = (
			);
			inputFileListPaths = (
			);
			inputPaths = (
			);
			name = Swiftlint;
			outputFileListPaths = (
			);
			outputPaths = (
			);
			runOnlyForDeploymentPostprocessing = 0;
			shellPath = /bin/sh;
			shellScript = "unset SDKROOT\nif which mint >/dev/null; then\n  #mint run swiftlint swiftlint autocorrect --format\n  mint run swiftlint\nelse\n  echo \"warning: Mint not installed, download from https://github.com/yonaskolb/Mint\"\nfi\n";
		};
		CD6824EA2481A81A003E59B8 /* Carthage */ = {
			isa = PBXShellScriptBuildPhase;
			buildActionMask = 2147483647;
			files = (
			);
			inputFileListPaths = (
			);
			inputPaths = (
				"$(SRCROOT)/Carthage/Build/iOS/RxTest.framework",
				"$(SRCROOT)/Carthage/Build/iOS/RxBlocking.framework",
			);
			name = Carthage;
			outputFileListPaths = (
			);
			outputPaths = (
			);
			runOnlyForDeploymentPostprocessing = 0;
			shellPath = /bin/sh;
			shellScript = "if which mint >/dev/null; then\n  mint run carthage copy-frameworks\nelse\n  echo \"warning: Mint not installed, download from https://github.com/yonaskolb/Mint\"\n  if which carthage >/dev/null; then\n    /usr/local/bin/carthage copy-frameworks\n  else\n    echo \"warning: Carthage not installed, download it from https://github.com/Carthage/Carthage\"\n  fi\nfi\n";
		};
		E98B4F21A956C333438ED8E3 /* [CP] Check Pods Manifest.lock */ = {
			isa = PBXShellScriptBuildPhase;
			buildActionMask = 2147483647;
			files = (
			);
			inputFileListPaths = (
			);
			inputPaths = (
				"${PODS_PODFILE_DIR_PATH}/Podfile.lock",
				"${PODS_ROOT}/Manifest.lock",
			);
			name = "[CP] Check Pods Manifest.lock";
			outputFileListPaths = (
			);
			outputPaths = (
				"$(DERIVED_FILE_DIR)/Pods-RxSwiftIncrementalSearch-checkManifestLockResult.txt",
			);
			runOnlyForDeploymentPostprocessing = 0;
			shellPath = /bin/sh;
			shellScript = "diff \"${PODS_PODFILE_DIR_PATH}/Podfile.lock\" \"${PODS_ROOT}/Manifest.lock\" > /dev/null\nif [ $? != 0 ] ; then\n    # print error to STDERR\n    echo \"error: The sandbox is not in sync with the Podfile.lock. Run 'pod install' or update your CocoaPods installation.\" >&2\n    exit 1\nfi\n# This output is used by Xcode 'outputs' to avoid re-running this script phase.\necho \"SUCCESS\" > \"${SCRIPT_OUTPUT_FILE_0}\"\n";
			showEnvVarsInLog = 0;
		};
/* End PBXShellScriptBuildPhase section */

/* Begin PBXSourcesBuildPhase section */
		973ABF8C23E4774000591A66 /* Sources */ = {
			isa = PBXSourcesBuildPhase;
			buildActionMask = 2147483647;
			files = (
				97029B5323EDDB600088640A /* Dependencies.swift in Sources */,
				973ABF9A23E4774000591A66 /* SecondViewController.swift in Sources */,
				CD2B7635247470CF005B31A1 /* Scenes.swift in Sources */,
				CD244D8A248A931900A1D67C /* FourthViewController.swift in Sources */,
				CDD2FE3F248B70CC00387E5A /* FifthViewController.swift in Sources */,
				CD244D8E248A991A00A1D67C /* FourthTableViewCell.swift in Sources */,
				CD2B7634247470CF005B31A1 /* Segues.swift in Sources */,
				CD2B762D24746A24005B31A1 /* DependencyInjectable.swift in Sources */,
				97029B4723EDD3890088640A /* FirstViewModel.swift in Sources */,
				97029B7223EDFA4F0088640A /* RootViewController.swift in Sources */,
				CD96391324742B1D009BA317 /* FirstTableViewCell.swift in Sources */,
				97029B5123EDDA920088640A /* ViewModelType.swift in Sources */,
				973ABF9823E4774000591A66 /* FirstViewController.swift in Sources */,
				CD2B762B24745288005B31A1 /* Assets.swift in Sources */,
				973ABF9423E4774000591A66 /* AppDelegate.swift in Sources */,
				973ABF9623E4774000591A66 /* SceneDelegate.swift in Sources */,
				97029B6523EDEF120088640A /* materialized+elements.swift in Sources */,
				97029B7423EE915B0088640A /* SecondViewModel.swift in Sources */,
				CD2B763124746B29005B31A1 /* ThirdViewController.swift in Sources */,
				97029B6723EDF0600088640A /* LoadingIndicator.swift in Sources */,
				CD2B76372475863A005B31A1 /* ThirdViewModel.swift in Sources */,
				CD244D8C248A934500A1D67C /* FourthViewModel.swift in Sources */,
			);
			runOnlyForDeploymentPostprocessing = 0;
		};
		973ABFA423E4774100591A66 /* Sources */ = {
			isa = PBXSourcesBuildPhase;
			buildActionMask = 2147483647;
			files = (
				CDF82D592494065800543CD9 /* TestSessionAdapter.swift in Sources */,
				CD5AB4492482ECA800A124E5 /* TestSessionTask.swift in Sources */,
				CD81A46124817730005E75DB /* DependenciesTest.swift in Sources */,
				973ABFAD23E4774100591A66 /* RxSwiftIncrementalSearchTests.swift in Sources */,
				CD81A466248186ED005E75DB /* Helpers.swift in Sources */,
				CD3064B2247B078F00EBBD1B /* FirstViewModelTests.swift in Sources */,
			);
			runOnlyForDeploymentPostprocessing = 0;
		};
		973ABFAF23E4774200591A66 /* Sources */ = {
			isa = PBXSourcesBuildPhase;
			buildActionMask = 2147483647;
			files = (
				973ABFB823E4774200591A66 /* RxSwiftIncrementalSearchUITests.swift in Sources */,
			);
			runOnlyForDeploymentPostprocessing = 0;
		};
		CD9638C1247328F3009BA317 /* Sources */ = {
			isa = PBXSourcesBuildPhase;
			buildActionMask = 2147483647;
			files = (
				CD9638E524732906009BA317 /* WikipediaSearchResponse.swift in Sources */,
				CD3064A624758E1900EBBD1B /* WikipediaPageResponse.swift in Sources */,
				CD9638E424732906009BA317 /* Session+Observable.swift in Sources */,
				CD9638E224732906009BA317 /* WikipediaRequestType.swift in Sources */,
				CD9638E324732906009BA317 /* WikipediaSearchRequest.swift in Sources */,
				CD3064A424758DF700EBBD1B /* WikipediaPageRequest.swift in Sources */,
				CD9638E624732906009BA317 /* WikipediaParser.swift in Sources */,
			);
			runOnlyForDeploymentPostprocessing = 0;
		};
		CD9638C9247328F4009BA317 /* Sources */ = {
			isa = PBXSourcesBuildPhase;
			buildActionMask = 2147483647;
			files = (
				CD81A457247EDFC7005E75DB /* WikipediSearchRequestTests.swift in Sources */,
				CD81A454247EDE61005E75DB /* TestSessionAdapter.swift in Sources */,
				CD81A45D24801C7E005E75DB /* WikipediaPageRequestTests.swift in Sources */,
				CD9638D5247328F4009BA317 /* WikipediaAPITests.swift in Sources */,
			);
			runOnlyForDeploymentPostprocessing = 0;
		};
		CD9638EC247334A8009BA317 /* Sources */ = {
			isa = PBXSourcesBuildPhase;
			buildActionMask = 2147483647;
			files = (
				CDF82D55248FD47100543CD9 /* Log.swift in Sources */,
				CD3064B0247A8F2200EBBD1B /* Date+Extension.swift in Sources */,
			);
			runOnlyForDeploymentPostprocessing = 0;
		};
		CD9638F4247334A8009BA317 /* Sources */ = {
			isa = PBXSourcesBuildPhase;
			buildActionMask = 2147483647;
			files = (
				CD963900247334A8009BA317 /* LibraryTests.swift in Sources */,
			);
			runOnlyForDeploymentPostprocessing = 0;
		};
/* End PBXSourcesBuildPhase section */

/* Begin PBXTargetDependency section */
		973ABFAA23E4774100591A66 /* PBXTargetDependency */ = {
			isa = PBXTargetDependency;
			target = 973ABF8F23E4774000591A66 /* RxSwiftIncrementalSearch */;
			targetProxy = 973ABFA923E4774100591A66 /* PBXContainerItemProxy */;
		};
		973ABFB523E4774200591A66 /* PBXTargetDependency */ = {
			isa = PBXTargetDependency;
			target = 973ABF8F23E4774000591A66 /* RxSwiftIncrementalSearch */;
			targetProxy = 973ABFB423E4774200591A66 /* PBXContainerItemProxy */;
		};
		CD0F543424CA19FD0051F098 /* PBXTargetDependency */ = {
			isa = PBXTargetDependency;
			target = CD9638EF247334A8009BA317 /* Library */;
			targetProxy = CD0F543324CA19FD0051F098 /* PBXContainerItemProxy */;
		};
		CD9638D0247328F4009BA317 /* PBXTargetDependency */ = {
			isa = PBXTargetDependency;
			target = CD9638C4247328F3009BA317 /* WikipediaAPI */;
			targetProxy = CD9638CF247328F4009BA317 /* PBXContainerItemProxy */;
		};
		CD9638D2247328F4009BA317 /* PBXTargetDependency */ = {
			isa = PBXTargetDependency;
			target = 973ABF8F23E4774000591A66 /* RxSwiftIncrementalSearch */;
			targetProxy = CD9638D1247328F4009BA317 /* PBXContainerItemProxy */;
		};
		CD9638D9247328F4009BA317 /* PBXTargetDependency */ = {
			isa = PBXTargetDependency;
			target = CD9638C4247328F3009BA317 /* WikipediaAPI */;
			targetProxy = CD9638D8247328F4009BA317 /* PBXContainerItemProxy */;
		};
		CD9638FB247334A8009BA317 /* PBXTargetDependency */ = {
			isa = PBXTargetDependency;
			target = CD9638EF247334A8009BA317 /* Library */;
			targetProxy = CD9638FA247334A8009BA317 /* PBXContainerItemProxy */;
		};
		CD9638FD247334A8009BA317 /* PBXTargetDependency */ = {
			isa = PBXTargetDependency;
			target = 973ABF8F23E4774000591A66 /* RxSwiftIncrementalSearch */;
			targetProxy = CD9638FC247334A8009BA317 /* PBXContainerItemProxy */;
		};
		CD963904247334A8009BA317 /* PBXTargetDependency */ = {
			isa = PBXTargetDependency;
			target = CD9638EF247334A8009BA317 /* Library */;
			targetProxy = CD963903247334A8009BA317 /* PBXContainerItemProxy */;
		};
/* End PBXTargetDependency section */

/* Begin PBXVariantGroup section */
		973ABF9B23E4774000591A66 /* Main.storyboard */ = {
			isa = PBXVariantGroup;
			children = (
				973ABF9C23E4774000591A66 /* Base */,
			);
			name = Main.storyboard;
			sourceTree = "<group>";
		};
		973ABFA023E4774100591A66 /* LaunchScreen.storyboard */ = {
			isa = PBXVariantGroup;
			children = (
				973ABFA123E4774100591A66 /* Base */,
			);
			name = LaunchScreen.storyboard;
			sourceTree = "<group>";
		};
/* End PBXVariantGroup section */

/* Begin XCBuildConfiguration section */
		973ABFBA23E4774200591A66 /* Debug */ = {
			isa = XCBuildConfiguration;
			baseConfigurationReference = CDE9070A24D9D01A00D21ED1 /* Base.xcconfig */;
			buildSettings = {
				ALWAYS_SEARCH_USER_PATHS = NO;
				CLANG_ANALYZER_NONNULL = YES;
				CLANG_ANALYZER_NUMBER_OBJECT_CONVERSION = YES_AGGRESSIVE;
				CLANG_CXX_LANGUAGE_STANDARD = "gnu++14";
				CLANG_CXX_LIBRARY = "libc++";
				CLANG_ENABLE_MODULES = YES;
				CLANG_ENABLE_OBJC_ARC = YES;
				CLANG_ENABLE_OBJC_WEAK = YES;
				CLANG_WARN_BLOCK_CAPTURE_AUTORELEASING = YES;
				CLANG_WARN_BOOL_CONVERSION = YES;
				CLANG_WARN_COMMA = YES;
				CLANG_WARN_CONSTANT_CONVERSION = YES;
				CLANG_WARN_DEPRECATED_OBJC_IMPLEMENTATIONS = YES;
				CLANG_WARN_DIRECT_OBJC_ISA_USAGE = YES_ERROR;
				CLANG_WARN_DOCUMENTATION_COMMENTS = YES;
				CLANG_WARN_EMPTY_BODY = YES;
				CLANG_WARN_ENUM_CONVERSION = YES;
				CLANG_WARN_INFINITE_RECURSION = YES;
				CLANG_WARN_INT_CONVERSION = YES;
				CLANG_WARN_NON_LITERAL_NULL_CONVERSION = YES;
				CLANG_WARN_OBJC_IMPLICIT_RETAIN_SELF = YES;
				CLANG_WARN_OBJC_LITERAL_CONVERSION = YES;
				CLANG_WARN_OBJC_ROOT_CLASS = YES_ERROR;
				CLANG_WARN_RANGE_LOOP_ANALYSIS = YES;
				CLANG_WARN_STRICT_PROTOTYPES = YES;
				CLANG_WARN_SUSPICIOUS_MOVE = YES;
				CLANG_WARN_UNGUARDED_AVAILABILITY = YES_AGGRESSIVE;
				CLANG_WARN_UNREACHABLE_CODE = YES;
				CLANG_WARN__DUPLICATE_METHOD_MATCH = YES;
				COPY_PHASE_STRIP = NO;
				DEBUG_INFORMATION_FORMAT = dwarf;
				ENABLE_STRICT_OBJC_MSGSEND = YES;
				ENABLE_TESTABILITY = YES;
				GCC_C_LANGUAGE_STANDARD = gnu11;
				GCC_DYNAMIC_NO_PIC = NO;
				GCC_NO_COMMON_BLOCKS = YES;
				GCC_OPTIMIZATION_LEVEL = 0;
				GCC_PREPROCESSOR_DEFINITIONS = (
					"DEBUG=1",
					"$(inherited)",
				);
				GCC_WARN_64_TO_32_BIT_CONVERSION = YES;
				GCC_WARN_ABOUT_RETURN_TYPE = YES_ERROR;
				GCC_WARN_UNDECLARED_SELECTOR = YES;
				GCC_WARN_UNINITIALIZED_AUTOS = YES_AGGRESSIVE;
				GCC_WARN_UNUSED_FUNCTION = YES;
				GCC_WARN_UNUSED_VARIABLE = YES;
				IPHONEOS_DEPLOYMENT_TARGET = 13.2;
				MTL_ENABLE_DEBUG_INFO = INCLUDE_SOURCE;
				MTL_FAST_MATH = YES;
				ONLY_ACTIVE_ARCH = YES;
				OTHER_SWIFT_FLAGS = "-Xfrontend -warn-long-function-bodies=200";
				SDKROOT = iphoneos;
				SWIFT_ACTIVE_COMPILATION_CONDITIONS = DEBUG;
				SWIFT_OPTIMIZATION_LEVEL = "-Onone";
			};
			name = Debug;
		};
		973ABFBB23E4774200591A66 /* Release */ = {
			isa = XCBuildConfiguration;
			baseConfigurationReference = CDE9070A24D9D01A00D21ED1 /* Base.xcconfig */;
			buildSettings = {
				ALWAYS_SEARCH_USER_PATHS = NO;
				CLANG_ANALYZER_NONNULL = YES;
				CLANG_ANALYZER_NUMBER_OBJECT_CONVERSION = YES_AGGRESSIVE;
				CLANG_CXX_LANGUAGE_STANDARD = "gnu++14";
				CLANG_CXX_LIBRARY = "libc++";
				CLANG_ENABLE_MODULES = YES;
				CLANG_ENABLE_OBJC_ARC = YES;
				CLANG_ENABLE_OBJC_WEAK = YES;
				CLANG_WARN_BLOCK_CAPTURE_AUTORELEASING = YES;
				CLANG_WARN_BOOL_CONVERSION = YES;
				CLANG_WARN_COMMA = YES;
				CLANG_WARN_CONSTANT_CONVERSION = YES;
				CLANG_WARN_DEPRECATED_OBJC_IMPLEMENTATIONS = YES;
				CLANG_WARN_DIRECT_OBJC_ISA_USAGE = YES_ERROR;
				CLANG_WARN_DOCUMENTATION_COMMENTS = YES;
				CLANG_WARN_EMPTY_BODY = YES;
				CLANG_WARN_ENUM_CONVERSION = YES;
				CLANG_WARN_INFINITE_RECURSION = YES;
				CLANG_WARN_INT_CONVERSION = YES;
				CLANG_WARN_NON_LITERAL_NULL_CONVERSION = YES;
				CLANG_WARN_OBJC_IMPLICIT_RETAIN_SELF = YES;
				CLANG_WARN_OBJC_LITERAL_CONVERSION = YES;
				CLANG_WARN_OBJC_ROOT_CLASS = YES_ERROR;
				CLANG_WARN_RANGE_LOOP_ANALYSIS = YES;
				CLANG_WARN_STRICT_PROTOTYPES = YES;
				CLANG_WARN_SUSPICIOUS_MOVE = YES;
				CLANG_WARN_UNGUARDED_AVAILABILITY = YES_AGGRESSIVE;
				CLANG_WARN_UNREACHABLE_CODE = YES;
				CLANG_WARN__DUPLICATE_METHOD_MATCH = YES;
				COPY_PHASE_STRIP = NO;
				DEBUG_INFORMATION_FORMAT = "dwarf-with-dsym";
				ENABLE_NS_ASSERTIONS = NO;
				ENABLE_STRICT_OBJC_MSGSEND = YES;
				GCC_C_LANGUAGE_STANDARD = gnu11;
				GCC_NO_COMMON_BLOCKS = YES;
				GCC_WARN_64_TO_32_BIT_CONVERSION = YES;
				GCC_WARN_ABOUT_RETURN_TYPE = YES_ERROR;
				GCC_WARN_UNDECLARED_SELECTOR = YES;
				GCC_WARN_UNINITIALIZED_AUTOS = YES_AGGRESSIVE;
				GCC_WARN_UNUSED_FUNCTION = YES;
				GCC_WARN_UNUSED_VARIABLE = YES;
				IPHONEOS_DEPLOYMENT_TARGET = 13.2;
				MTL_ENABLE_DEBUG_INFO = NO;
				MTL_FAST_MATH = YES;
				OTHER_SWIFT_FLAGS = "-Xfrontend -warn-long-function-bodies=200";
				SDKROOT = iphoneos;
				SWIFT_COMPILATION_MODE = wholemodule;
				SWIFT_OPTIMIZATION_LEVEL = "-O";
				VALIDATE_PRODUCT = YES;
			};
			name = Release;
		};
		973ABFBD23E4774200591A66 /* Debug */ = {
			isa = XCBuildConfiguration;
			baseConfigurationReference = CD83B22024D9C3EE008BF0F7 /* Debug.xcconfig */;
			buildSettings = {
				ALWAYS_EMBED_SWIFT_STANDARD_LIBRARIES = YES;
				ASSETCATALOG_COMPILER_APPICON_NAME = AppIcon;
				FRAMEWORK_SEARCH_PATHS = (
					"$(inherited)",
					"$(PROJECT_DIR)/Carthage/Build/iOS",
				);
				INFOPLIST_FILE = RxSwiftIncrementalSearch/Info.plist;
				LD_RUNPATH_SEARCH_PATHS = (
					"$(inherited)",
					"@executable_path/Frameworks",
				);
				PRODUCT_BUNDLE_IDENTIFIER = com.runpany.RxSwiftIncrementalSearch.debug;
				PRODUCT_NAME = "$(TARGET_NAME)";
				SWIFT_VERSION = 5.0;
				TARGETED_DEVICE_FAMILY = "1,2";
			};
			name = Debug;
		};
		973ABFBE23E4774200591A66 /* Release */ = {
			isa = XCBuildConfiguration;
			baseConfigurationReference = CD83B22224D9C40C008BF0F7 /* Release.xcconfig */;
			buildSettings = {
				ALWAYS_EMBED_SWIFT_STANDARD_LIBRARIES = YES;
				ASSETCATALOG_COMPILER_APPICON_NAME = AppIcon;
				FRAMEWORK_SEARCH_PATHS = (
					"$(inherited)",
					"$(PROJECT_DIR)/Carthage/Build/iOS",
				);
				INFOPLIST_FILE = RxSwiftIncrementalSearch/Info.plist;
				LD_RUNPATH_SEARCH_PATHS = (
					"$(inherited)",
					"@executable_path/Frameworks",
				);
				PRODUCT_BUNDLE_IDENTIFIER = com.runpany.RxSwiftIncrementalSearch;
				PRODUCT_NAME = "$(TARGET_NAME)";
				SWIFT_VERSION = 5.0;
				TARGETED_DEVICE_FAMILY = "1,2";
			};
			name = Release;
		};
		973ABFC023E4774200591A66 /* Debug */ = {
			isa = XCBuildConfiguration;
			baseConfigurationReference = 0B67885142598FC1B76FBB74 /* Pods-RxSwiftIncrementalSearchTests.debug.xcconfig */;
			buildSettings = {
				ALWAYS_EMBED_SWIFT_STANDARD_LIBRARIES = YES;
				BUNDLE_LOADER = "$(TEST_HOST)";
				FRAMEWORK_SEARCH_PATHS = (
					"$(inherited)",
					"$(PROJECT_DIR)/Carthage/Build/iOS",
				);
				INFOPLIST_FILE = RxSwiftIncrementalSearchTests/Info.plist;
				IPHONEOS_DEPLOYMENT_TARGET = 13.2;
				LD_RUNPATH_SEARCH_PATHS = (
					"$(inherited)",
					"@executable_path/Frameworks",
					"@loader_path/Frameworks",
				);
				PRODUCT_BUNDLE_IDENTIFIER = "--PRODUCT-BUNDLE-IDENTIFIER-.RxSwiftIncrementalSearchTests";
				PRODUCT_NAME = "$(TARGET_NAME)";
				SWIFT_VERSION = 5.0;
				TARGETED_DEVICE_FAMILY = "1,2";
				TEST_HOST = "$(BUILT_PRODUCTS_DIR)/RxSwiftIncrementalSearch.app/RxSwiftIncrementalSearch";
			};
			name = Debug;
		};
		973ABFC123E4774200591A66 /* Release */ = {
			isa = XCBuildConfiguration;
			baseConfigurationReference = 4D802D79E23D073F79BD23D6 /* Pods-RxSwiftIncrementalSearchTests.release.xcconfig */;
			buildSettings = {
				ALWAYS_EMBED_SWIFT_STANDARD_LIBRARIES = YES;
				BUNDLE_LOADER = "$(TEST_HOST)";
				FRAMEWORK_SEARCH_PATHS = (
					"$(inherited)",
					"$(PROJECT_DIR)/Carthage/Build/iOS",
				);
				INFOPLIST_FILE = RxSwiftIncrementalSearchTests/Info.plist;
				IPHONEOS_DEPLOYMENT_TARGET = 13.2;
				LD_RUNPATH_SEARCH_PATHS = (
					"$(inherited)",
					"@executable_path/Frameworks",
					"@loader_path/Frameworks",
				);
				PRODUCT_BUNDLE_IDENTIFIER = "--PRODUCT-BUNDLE-IDENTIFIER-.RxSwiftIncrementalSearchTests";
				PRODUCT_NAME = "$(TARGET_NAME)";
				SWIFT_VERSION = 5.0;
				TARGETED_DEVICE_FAMILY = "1,2";
				TEST_HOST = "$(BUILT_PRODUCTS_DIR)/RxSwiftIncrementalSearch.app/RxSwiftIncrementalSearch";
			};
			name = Release;
		};
		973ABFC323E4774200591A66 /* Debug */ = {
			isa = XCBuildConfiguration;
			baseConfigurationReference = 8BCE8B9AFE52C61377FE8F14 /* Pods-RxSwiftIncrementalSearchUITests.debug.xcconfig */;
			buildSettings = {
				ALWAYS_EMBED_SWIFT_STANDARD_LIBRARIES = YES;
				INFOPLIST_FILE = RxSwiftIncrementalSearchUITests/Info.plist;
				LD_RUNPATH_SEARCH_PATHS = (
					"$(inherited)",
					"@executable_path/Frameworks",
					"@loader_path/Frameworks",
				);
				PRODUCT_BUNDLE_IDENTIFIER = "--PRODUCT-BUNDLE-IDENTIFIER-.RxSwiftIncrementalSearchUITests";
				PRODUCT_NAME = "$(TARGET_NAME)";
				SWIFT_VERSION = 5.0;
				TARGETED_DEVICE_FAMILY = "1,2";
				TEST_TARGET_NAME = RxSwiftIncrementalSearch;
			};
			name = Debug;
		};
		973ABFC423E4774200591A66 /* Release */ = {
			isa = XCBuildConfiguration;
			baseConfigurationReference = 361633FD934DDA47F7D5EE7B /* Pods-RxSwiftIncrementalSearchUITests.release.xcconfig */;
			buildSettings = {
				ALWAYS_EMBED_SWIFT_STANDARD_LIBRARIES = YES;
				INFOPLIST_FILE = RxSwiftIncrementalSearchUITests/Info.plist;
				LD_RUNPATH_SEARCH_PATHS = (
					"$(inherited)",
					"@executable_path/Frameworks",
					"@loader_path/Frameworks",
				);
				PRODUCT_BUNDLE_IDENTIFIER = "--PRODUCT-BUNDLE-IDENTIFIER-.RxSwiftIncrementalSearchUITests";
				PRODUCT_NAME = "$(TARGET_NAME)";
				SWIFT_VERSION = 5.0;
				TARGETED_DEVICE_FAMILY = "1,2";
				TEST_TARGET_NAME = RxSwiftIncrementalSearch;
			};
			name = Release;
		};
		CD9638DD247328F4009BA317 /* Debug */ = {
			isa = XCBuildConfiguration;
			baseConfigurationReference = 0AD7A337C0BE9A219378BE2B /* Pods-WikipediaAPI.debug.xcconfig */;
			buildSettings = {
				CURRENT_PROJECT_VERSION = 1;
				DEFINES_MODULE = YES;
				DYLIB_COMPATIBILITY_VERSION = 1;
				DYLIB_CURRENT_VERSION = 1;
				DYLIB_INSTALL_NAME_BASE = "@rpath";
				FRAMEWORK_SEARCH_PATHS = (
					"$(inherited)",
					"$(PROJECT_DIR)/Carthage/Build/iOS",
				);
				INFOPLIST_FILE = WikipediaAPI/Info.plist;
				INSTALL_PATH = "$(LOCAL_LIBRARY_DIR)/Frameworks";
				LD_RUNPATH_SEARCH_PATHS = (
					"$(inherited)",
					"@executable_path/Frameworks",
					"@loader_path/Frameworks",
				);
				PRODUCT_BUNDLE_IDENTIFIER = com.runpany.WikipediaAPI;
				PRODUCT_NAME = "$(TARGET_NAME:c99extidentifier)";
				SKIP_INSTALL = YES;
				SWIFT_VERSION = 5.0;
				TARGETED_DEVICE_FAMILY = "1,2";
				VERSIONING_SYSTEM = "apple-generic";
				VERSION_INFO_PREFIX = "";
			};
			name = Debug;
		};
		CD9638DE247328F4009BA317 /* Release */ = {
			isa = XCBuildConfiguration;
			baseConfigurationReference = B7221203C60B3E8752ACDF28 /* Pods-WikipediaAPI.release.xcconfig */;
			buildSettings = {
				CURRENT_PROJECT_VERSION = 1;
				DEFINES_MODULE = YES;
				DYLIB_COMPATIBILITY_VERSION = 1;
				DYLIB_CURRENT_VERSION = 1;
				DYLIB_INSTALL_NAME_BASE = "@rpath";
				FRAMEWORK_SEARCH_PATHS = (
					"$(inherited)",
					"$(PROJECT_DIR)/Carthage/Build/iOS",
				);
				INFOPLIST_FILE = WikipediaAPI/Info.plist;
				INSTALL_PATH = "$(LOCAL_LIBRARY_DIR)/Frameworks";
				LD_RUNPATH_SEARCH_PATHS = (
					"$(inherited)",
					"@executable_path/Frameworks",
					"@loader_path/Frameworks",
				);
				PRODUCT_BUNDLE_IDENTIFIER = com.runpany.WikipediaAPI;
				PRODUCT_NAME = "$(TARGET_NAME:c99extidentifier)";
				SKIP_INSTALL = YES;
				SWIFT_VERSION = 5.0;
				TARGETED_DEVICE_FAMILY = "1,2";
				VERSIONING_SYSTEM = "apple-generic";
				VERSION_INFO_PREFIX = "";
			};
			name = Release;
		};
		CD9638E0247328F4009BA317 /* Debug */ = {
			isa = XCBuildConfiguration;
			buildSettings = {
				ALWAYS_EMBED_SWIFT_STANDARD_LIBRARIES = YES;
				FRAMEWORK_SEARCH_PATHS = (
					"$(inherited)",
					"$(PROJECT_DIR)/Carthage/Build/iOS",
				);
				INFOPLIST_FILE = WikipediaAPITests/Info.plist;
				LD_RUNPATH_SEARCH_PATHS = (
					"$(inherited)",
					"@executable_path/Frameworks",
					"@loader_path/Frameworks",
				);
				PRODUCT_BUNDLE_IDENTIFIER = com.runpany.sample1201.WikipediaAPITests;
				PRODUCT_NAME = "$(TARGET_NAME)";
				SWIFT_VERSION = 5.0;
				TARGETED_DEVICE_FAMILY = "1,2";
				TEST_HOST = "$(BUILT_PRODUCTS_DIR)/RxSwiftIncrementalSearch.app/RxSwiftIncrementalSearch";
			};
			name = Debug;
		};
		CD9638E1247328F4009BA317 /* Release */ = {
			isa = XCBuildConfiguration;
			buildSettings = {
				ALWAYS_EMBED_SWIFT_STANDARD_LIBRARIES = YES;
				FRAMEWORK_SEARCH_PATHS = (
					"$(inherited)",
					"$(PROJECT_DIR)/Carthage/Build/iOS",
				);
				INFOPLIST_FILE = WikipediaAPITests/Info.plist;
				LD_RUNPATH_SEARCH_PATHS = (
					"$(inherited)",
					"@executable_path/Frameworks",
					"@loader_path/Frameworks",
				);
				PRODUCT_BUNDLE_IDENTIFIER = com.runpany.sample1201.WikipediaAPITests;
				PRODUCT_NAME = "$(TARGET_NAME)";
				SWIFT_VERSION = 5.0;
				TARGETED_DEVICE_FAMILY = "1,2";
				TEST_HOST = "$(BUILT_PRODUCTS_DIR)/RxSwiftIncrementalSearch.app/RxSwiftIncrementalSearch";
			};
			name = Release;
		};
		CD963908247334A8009BA317 /* Debug */ = {
			isa = XCBuildConfiguration;
			buildSettings = {
				CLANG_ENABLE_MODULES = YES;
				CURRENT_PROJECT_VERSION = 1;
				DEFINES_MODULE = YES;
				DYLIB_COMPATIBILITY_VERSION = 1;
				DYLIB_CURRENT_VERSION = 1;
				DYLIB_INSTALL_NAME_BASE = "@rpath";
				INFOPLIST_FILE = Library/Info.plist;
				INSTALL_PATH = "$(LOCAL_LIBRARY_DIR)/Frameworks";
				LD_RUNPATH_SEARCH_PATHS = (
					"$(inherited)",
					"@executable_path/Frameworks",
					"@loader_path/Frameworks",
				);
				PRODUCT_BUNDLE_IDENTIFIER = com.runpany.Library;
				PRODUCT_NAME = "$(TARGET_NAME:c99extidentifier)";
				SKIP_INSTALL = YES;
				SWIFT_OPTIMIZATION_LEVEL = "-Onone";
				SWIFT_VERSION = 5.0;
				TARGETED_DEVICE_FAMILY = "1,2";
				VERSIONING_SYSTEM = "apple-generic";
				VERSION_INFO_PREFIX = "";
			};
			name = Debug;
		};
		CD963909247334A8009BA317 /* Release */ = {
			isa = XCBuildConfiguration;
			buildSettings = {
				CLANG_ENABLE_MODULES = YES;
				CURRENT_PROJECT_VERSION = 1;
				DEFINES_MODULE = YES;
				DYLIB_COMPATIBILITY_VERSION = 1;
				DYLIB_CURRENT_VERSION = 1;
				DYLIB_INSTALL_NAME_BASE = "@rpath";
				INFOPLIST_FILE = Library/Info.plist;
				INSTALL_PATH = "$(LOCAL_LIBRARY_DIR)/Frameworks";
				LD_RUNPATH_SEARCH_PATHS = (
					"$(inherited)",
					"@executable_path/Frameworks",
					"@loader_path/Frameworks",
				);
				PRODUCT_BUNDLE_IDENTIFIER = com.runpany.Library;
				PRODUCT_NAME = "$(TARGET_NAME:c99extidentifier)";
				SKIP_INSTALL = YES;
				SWIFT_VERSION = 5.0;
				TARGETED_DEVICE_FAMILY = "1,2";
				VERSIONING_SYSTEM = "apple-generic";
				VERSION_INFO_PREFIX = "";
			};
			name = Release;
		};
		CD96390B247334A8009BA317 /* Debug */ = {
			isa = XCBuildConfiguration;
			buildSettings = {
				ALWAYS_EMBED_SWIFT_STANDARD_LIBRARIES = YES;
				INFOPLIST_FILE = LibraryTests/Info.plist;
				LD_RUNPATH_SEARCH_PATHS = (
					"$(inherited)",
					"@executable_path/Frameworks",
					"@loader_path/Frameworks",
				);
				PRODUCT_BUNDLE_IDENTIFIER = com.runpany.sample1201.LibraryTests;
				PRODUCT_NAME = "$(TARGET_NAME)";
				SWIFT_VERSION = 5.0;
				TARGETED_DEVICE_FAMILY = "1,2";
				TEST_HOST = "$(BUILT_PRODUCTS_DIR)/RxSwiftIncrementalSearch.app/RxSwiftIncrementalSearch";
			};
			name = Debug;
		};
		CD96390C247334A8009BA317 /* Release */ = {
			isa = XCBuildConfiguration;
			buildSettings = {
				ALWAYS_EMBED_SWIFT_STANDARD_LIBRARIES = YES;
				INFOPLIST_FILE = LibraryTests/Info.plist;
				LD_RUNPATH_SEARCH_PATHS = (
					"$(inherited)",
					"@executable_path/Frameworks",
					"@loader_path/Frameworks",
				);
				PRODUCT_BUNDLE_IDENTIFIER = com.runpany.sample1201.LibraryTests;
				PRODUCT_NAME = "$(TARGET_NAME)";
				SWIFT_VERSION = 5.0;
				TARGETED_DEVICE_FAMILY = "1,2";
				TEST_HOST = "$(BUILT_PRODUCTS_DIR)/RxSwiftIncrementalSearch.app/RxSwiftIncrementalSearch";
			};
			name = Release;
		};
/* End XCBuildConfiguration section */

/* Begin XCConfigurationList section */
		973ABF8B23E4774000591A66 /* Build configuration list for PBXProject "RxSwiftIncrementalSearch" */ = {
			isa = XCConfigurationList;
			buildConfigurations = (
				973ABFBA23E4774200591A66 /* Debug */,
				973ABFBB23E4774200591A66 /* Release */,
			);
			defaultConfigurationIsVisible = 0;
			defaultConfigurationName = Release;
		};
		973ABFBC23E4774200591A66 /* Build configuration list for PBXNativeTarget "RxSwiftIncrementalSearch" */ = {
			isa = XCConfigurationList;
			buildConfigurations = (
				973ABFBD23E4774200591A66 /* Debug */,
				973ABFBE23E4774200591A66 /* Release */,
			);
			defaultConfigurationIsVisible = 0;
			defaultConfigurationName = Release;
		};
		973ABFBF23E4774200591A66 /* Build configuration list for PBXNativeTarget "RxSwiftIncrementalSearchTests" */ = {
			isa = XCConfigurationList;
			buildConfigurations = (
				973ABFC023E4774200591A66 /* Debug */,
				973ABFC123E4774200591A66 /* Release */,
			);
			defaultConfigurationIsVisible = 0;
			defaultConfigurationName = Release;
		};
		973ABFC223E4774200591A66 /* Build configuration list for PBXNativeTarget "RxSwiftIncrementalSearchUITests" */ = {
			isa = XCConfigurationList;
			buildConfigurations = (
				973ABFC323E4774200591A66 /* Debug */,
				973ABFC423E4774200591A66 /* Release */,
			);
			defaultConfigurationIsVisible = 0;
			defaultConfigurationName = Release;
		};
		CD9638DC247328F4009BA317 /* Build configuration list for PBXNativeTarget "WikipediaAPI" */ = {
			isa = XCConfigurationList;
			buildConfigurations = (
				CD9638DD247328F4009BA317 /* Debug */,
				CD9638DE247328F4009BA317 /* Release */,
			);
			defaultConfigurationIsVisible = 0;
			defaultConfigurationName = Release;
		};
		CD9638DF247328F4009BA317 /* Build configuration list for PBXNativeTarget "WikipediaAPITests" */ = {
			isa = XCConfigurationList;
			buildConfigurations = (
				CD9638E0247328F4009BA317 /* Debug */,
				CD9638E1247328F4009BA317 /* Release */,
			);
			defaultConfigurationIsVisible = 0;
			defaultConfigurationName = Release;
		};
		CD963907247334A8009BA317 /* Build configuration list for PBXNativeTarget "Library" */ = {
			isa = XCConfigurationList;
			buildConfigurations = (
				CD963908247334A8009BA317 /* Debug */,
				CD963909247334A8009BA317 /* Release */,
			);
			defaultConfigurationIsVisible = 0;
			defaultConfigurationName = Release;
		};
		CD96390A247334A8009BA317 /* Build configuration list for PBXNativeTarget "LibraryTests" */ = {
			isa = XCConfigurationList;
			buildConfigurations = (
				CD96390B247334A8009BA317 /* Debug */,
				CD96390C247334A8009BA317 /* Release */,
			);
			defaultConfigurationIsVisible = 0;
			defaultConfigurationName = Release;
		};
/* End XCConfigurationList section */
	};
	rootObject = 973ABF8823E4774000591A66 /* Project object */;
}
