<?xml version="1.0" encoding="UTF-8"?>
<Scheme
   LastUpgradeVersion = "1160"
   version = "1.3">
   <BuildAction
      parallelizeBuildables = "YES"
      buildImplicitDependencies = "YES">
      <BuildActionEntries>
         <BuildActionEntry
            buildForTesting = "YES"
            buildForRunning = "YES"
            buildForProfiling = "YES"
            buildForArchiving = "YES"
            buildForAnalyzing = "YES">
            <BuildableReference
               BuildableIdentifier = "primary"
               BlueprintIdentifier = "973ABF8F23E4774000591A66"
               BuildableName = "RxSwiftIncrementalSearch.app"
               BlueprintName = "RxSwiftIncrementalSearch"
               ReferencedContainer = "container:RxSwiftIncrementalSearch.xcodeproj">
            </BuildableReference>
         </BuildActionEntry>
      </BuildActionEntries>
   </BuildAction>
   <TestAction
      buildConfiguration = "Debug"
      selectedDebuggerIdentifier = "Xcode.DebuggerFoundation.Debugger.LLDB"
      selectedLauncherIdentifier = "Xcode.DebuggerFoundation.Launcher.LLDB"
      shouldUseLaunchSchemeArgsEnv = "YES"
      codeCoverageEnabled = "YES">
      <Testables>
         <TestableReference
            skipped = "NO">
            <BuildableReference
               BuildableIdentifier = "primary"
               BlueprintIdentifier = "973ABFA723E4774100591A66"
               BuildableName = "RxSwiftIncrementalSearchTests.xctest"
               BlueprintName = "RxSwiftIncrementalSearchTests"
               ReferencedContainer = "container:RxSwiftIncrementalSearch.xcodeproj">
            </BuildableReference>
         </TestableReference>
         <TestableReference
            skipped = "NO">
            <BuildableReference
               BuildableIdentifier = "primary"
               BlueprintIdentifier = "973ABFB223E4774200591A66"
               BuildableName = "RxSwiftIncrementalSearchUITests.xctest"
               BlueprintName = "RxSwiftIncrementalSearchUITests"
               ReferencedContainer = "container:RxSwiftIncrementalSearch.xcodeproj">
            </BuildableReference>
         </TestableReference>
         <TestableReference
            skipped = "NO">
            <BuildableReference
               BuildableIdentifier = "primary"
               BlueprintIdentifier = "CD9638CC247328F4009BA317"
               BuildableName = "WikipediaAPITests.xctest"
               BlueprintName = "WikipediaAPITests"
               ReferencedContainer = "container:RxSwiftIncrementalSearch.xcodeproj">
            </BuildableReference>
         </TestableReference>
         <TestableReference
            skipped = "NO">
            <BuildableReference
               BuildableIdentifier = "primary"
               BlueprintIdentifier = "CD9638F7247334A8009BA317"
               BuildableName = "LibraryTests.xctest"
               BlueprintName = "LibraryTests"
               ReferencedContainer = "container:RxSwiftIncrementalSearch.xcodeproj">
            </BuildableReference>
         </TestableReference>
      </Testables>
   </TestAction>
   <LaunchAction
      buildConfiguration = "Debug"
      selectedDebuggerIdentifier = "Xcode.DebuggerFoundation.Debugger.LLDB"
      selectedLauncherIdentifier = "Xcode.DebuggerFoundation.Launcher.LLDB"
      launchStyle = "0"
      useCustomWorkingDirectory = "NO"
      ignoresPersistentStateOnLaunch = "NO"
      debugDocumentVersioning = "YES"
      debugServiceExtension = "internal"
      allowLocationSimulation = "YES">
      <BuildableProductRunnable
         runnableDebuggingMode = "0">
         <BuildableReference
            BuildableIdentifier = "primary"
            BlueprintIdentifier = "973ABF8F23E4774000591A66"
            BuildableName = "RxSwiftIncrementalSearch.app"
            BlueprintName = "RxSwiftIncrementalSearch"
            ReferencedContainer = "container:RxSwiftIncrementalSearch.xcodeproj">
         </BuildableReference>
      </BuildableProductRunnable>
   </LaunchAction>
   <ProfileAction
      buildConfiguration = "Release"
      shouldUseLaunchSchemeArgsEnv = "YES"
      savedToolIdentifier = ""
      useCustomWorkingDirectory = "NO"
      debugDocumentVersioning = "YES">
      <BuildableProductRunnable
         runnableDebuggingMode = "0">
         <BuildableReference
            BuildableIdentifier = "primary"
            BlueprintIdentifier = "973ABF8F23E4774000591A66"
            BuildableName = "RxSwiftIncrementalSearch.app"
            BlueprintName = "RxSwiftIncrementalSearch"
            ReferencedContainer = "container:RxSwiftIncrementalSearch.xcodeproj">
         </BuildableReference>
      </BuildableProductRunnable>
   </ProfileAction>
   <AnalyzeAction
      buildConfiguration = "Debug">
   </AnalyzeAction>
   <ArchiveAction
      buildConfiguration = "Release"
      revealArchiveInOrganizer = "YES">
   </ArchiveAction>
</Scheme>
